// !$*UTF8*$!
{
	archiveVersion = 1;
	classes = {
	};
	objectVersion = 46;
	objects = {

/* Begin PBXBuildFile section */
		7C42B4A7085D0D96715AF090 /* libPods-TeethHelper.a in Frameworks */ = {isa = PBXBuildFile; fileRef = 56779700444A6622AC945D58 /* libPods-TeethHelper.a */; };
		870A65DA1B77227100A51B26 /* main.m in Sources */ = {isa = PBXBuildFile; fileRef = 870A65D91B77227100A51B26 /* main.m */; };
		870A65DD1B77227100A51B26 /* AppDelegate.m in Sources */ = {isa = PBXBuildFile; fileRef = 870A65DC1B77227100A51B26 /* AppDelegate.m */; };
		870A65E01B77227100A51B26 /* ViewController.m in Sources */ = {isa = PBXBuildFile; fileRef = 870A65DF1B77227100A51B26 /* ViewController.m */; };
		870A65E31B77227100A51B26 /* Main.storyboard in Resources */ = {isa = PBXBuildFile; fileRef = 870A65E11B77227100A51B26 /* Main.storyboard */; };
		870A65E51B77227100A51B26 /* Images.xcassets in Resources */ = {isa = PBXBuildFile; fileRef = 870A65E41B77227100A51B26 /* Images.xcassets */; };
		870A65E81B77227100A51B26 /* LaunchScreen.xib in Resources */ = {isa = PBXBuildFile; fileRef = 870A65E61B77227100A51B26 /* LaunchScreen.xib */; };
		870A65F41B77227100A51B26 /* TeethHelperTests.m in Sources */ = {isa = PBXBuildFile; fileRef = 870A65F31B77227100A51B26 /* TeethHelperTests.m */; };
		870A66001B7722A500A51B26 /* LoginNavigationController.m in Sources */ = {isa = PBXBuildFile; fileRef = 870A65FF1B7722A500A51B26 /* LoginNavigationController.m */; };
		870A66031B7722B500A51B26 /* LoginViewController.m in Sources */ = {isa = PBXBuildFile; fileRef = 870A66021B7722B500A51B26 /* LoginViewController.m */; };
		870A66071B7722D600A51B26 /* Login.storyboard in Resources */ = {isa = PBXBuildFile; fileRef = 870A66061B7722D600A51B26 /* Login.storyboard */; };
		870A660B1B7724B400A51B26 /* MainTabBarController.m in Sources */ = {isa = PBXBuildFile; fileRef = 870A660A1B7724B400A51B26 /* MainTabBarController.m */; };
		870A660F1B772FEB00A51B26 /* Utils.m in Sources */ = {isa = PBXBuildFile; fileRef = 870A660E1B772FEB00A51B26 /* Utils.m */; };
		870A66131B7730CD00A51B26 /* UIColor+HexRGB.m in Sources */ = {isa = PBXBuildFile; fileRef = 870A66121B7730CD00A51B26 /* UIColor+HexRGB.m */; };
		870A66161B77321900A51B26 /* AccountManager.m in Sources */ = {isa = PBXBuildFile; fileRef = 870A66151B77321900A51B26 /* AccountManager.m */; };
		873B75B11B773984002D7871 /* RegisterViewController.m in Sources */ = {isa = PBXBuildFile; fileRef = 873B75B01B773984002D7871 /* RegisterViewController.m */; };
		873B75B41B7739B8002D7871 /* ForgetPasswordViewController.m in Sources */ = {isa = PBXBuildFile; fileRef = 873B75B31B7739B8002D7871 /* ForgetPasswordViewController.m */; };
		873B75B71B773E42002D7871 /* NetworkManager.m in Sources */ = {isa = PBXBuildFile; fileRef = 873B75B61B773E42002D7871 /* NetworkManager.m */; };
		873B75BE1B77400D002D7871 /* MeiBaiViewController.m in Sources */ = {isa = PBXBuildFile; fileRef = 873B75BD1B77400D002D7871 /* MeiBaiViewController.m */; };
		873B75C11B774020002D7871 /* CeBaiViewController.m in Sources */ = {isa = PBXBuildFile; fileRef = 873B75C01B774020002D7871 /* CeBaiViewController.m */; };
		873B75C41B774029002D7871 /* SocialViewController.m in Sources */ = {isa = PBXBuildFile; fileRef = 873B75C31B774029002D7871 /* SocialViewController.m */; };
		873B75CA1B77407A002D7871 /* PersonalViewController.m in Sources */ = {isa = PBXBuildFile; fileRef = 873B75C91B77407A002D7871 /* PersonalViewController.m */; };
		873B75CD1B7742EF002D7871 /* ProductIntroduceViewController.m in Sources */ = {isa = PBXBuildFile; fileRef = 873B75CC1B7742EF002D7871 /* ProductIntroduceViewController.m */; };
		873B75D01B774338002D7871 /* Product.storyboard in Resources */ = {isa = PBXBuildFile; fileRef = 873B75CF1B774338002D7871 /* Product.storyboard */; };
		873B75D31B774C8A002D7871 /* ProductDetailViewController.m in Sources */ = {isa = PBXBuildFile; fileRef = 873B75D21B774C8A002D7871 /* ProductDetailViewController.m */; };
		873B75D61B774CB5002D7871 /* ProductCompositionViewController.m in Sources */ = {isa = PBXBuildFile; fileRef = 873B75D51B774CB5002D7871 /* ProductCompositionViewController.m */; };
		873B75D91B774CC9002D7871 /* NewGuideViewController.m in Sources */ = {isa = PBXBuildFile; fileRef = 873B75D81B774CC9002D7871 /* NewGuideViewController.m */; };
		873B75DC1B774CEA002D7871 /* NoticeViewController.m in Sources */ = {isa = PBXBuildFile; fileRef = 873B75DB1B774CEA002D7871 /* NoticeViewController.m */; };
		873B75DF1B775155002D7871 /* PersonalTableViewCell.m in Sources */ = {isa = PBXBuildFile; fileRef = 873B75DE1B775155002D7871 /* PersonalTableViewCell.m */; };
		8742497D1B78E72500F6DB69 /* PhoneInfoViewController.m in Sources */ = {isa = PBXBuildFile; fileRef = 8742497C1B78E72500F6DB69 /* PhoneInfoViewController.m */; };
		874249811B78E73500F6DB69 /* AddressViewController.m in Sources */ = {isa = PBXBuildFile; fileRef = 874249801B78E73500F6DB69 /* AddressViewController.m */; };
		874249851B78E74400F6DB69 /* NameInfoViewController.m in Sources */ = {isa = PBXBuildFile; fileRef = 874249841B78E74400F6DB69 /* NameInfoViewController.m */; };
		874249881B7989C600F6DB69 /* TeethStateCell.m in Sources */ = {isa = PBXBuildFile; fileRef = 874249871B7989C600F6DB69 /* TeethStateCell.m */; };
		8742498C1B798CE600F6DB69 /* TeethDetailOneController.m in Sources */ = {isa = PBXBuildFile; fileRef = 8742498B1B798CE600F6DB69 /* TeethDetailOneController.m */; };
		8742498F1B798CF700F6DB69 /* TeethDetailTwoController.m in Sources */ = {isa = PBXBuildFile; fileRef = 8742498E1B798CF700F6DB69 /* TeethDetailTwoController.m */; };
		874249921B798D0600F6DB69 /* TeethDetailThreeController.m in Sources */ = {isa = PBXBuildFile; fileRef = 874249911B798D0600F6DB69 /* TeethDetailThreeController.m */; };
		874249951B798EF100F6DB69 /* TeethChooseView.m in Sources */ = {isa = PBXBuildFile; fileRef = 874249941B798EF100F6DB69 /* TeethChooseView.m */; };
		8745C8D71B807EA400272FB4 /* MeiBaiThreeCell.m in Sources */ = {isa = PBXBuildFile; fileRef = 8745C8D61B807EA400272FB4 /* MeiBaiThreeCell.m */; };
		87465BB81B808A8400EA40C7 /* MeibaiItemChooseController.m in Sources */ = {isa = PBXBuildFile; fileRef = 87465BB71B808A8400EA40C7 /* MeibaiItemChooseController.m */; };
		87465BBC1B818FA800EA40C7 /* ProjectCompletedQuesitonController.m in Sources */ = {isa = PBXBuildFile; fileRef = 87465BBA1B818FA800EA40C7 /* ProjectCompletedQuesitonController.m */; };
		87465BBD1B818FA800EA40C7 /* ProjectCompletedQuesitonController.xib in Resources */ = {isa = PBXBuildFile; fileRef = 87465BBB1B818FA800EA40C7 /* ProjectCompletedQuesitonController.xib */; };
		877B4E3D1B7CD95D00E6720D /* SplashViewController.m in Sources */ = {isa = PBXBuildFile; fileRef = 877B4E3B1B7CD95D00E6720D /* SplashViewController.m */; };
		877B4E3E1B7CD95D00E6720D /* SplashViewController.xib in Resources */ = {isa = PBXBuildFile; fileRef = 877B4E3C1B7CD95D00E6720D /* SplashViewController.xib */; };
		878108C51B7B907A000A735F /* AlienView.m in Sources */ = {isa = PBXBuildFile; fileRef = 878108C41B7B907A000A735F /* AlienView.m */; };
		878108C81B7B934A000A735F /* ALienGrayView.m in Sources */ = {isa = PBXBuildFile; fileRef = 878108C71B7B934A000A735F /* ALienGrayView.m */; };
		8785F8B11B7C1DD20051B29B /* MeibaiProjectController.m in Sources */ = {isa = PBXBuildFile; fileRef = 8785F8AF1B7C1DD20051B29B /* MeibaiProjectController.m */; };
		8785F8B21B7C1DD20051B29B /* MeibaiProjectController.xib in Resources */ = {isa = PBXBuildFile; fileRef = 8785F8B01B7C1DD20051B29B /* MeibaiProjectController.xib */; };
		8785F8B51B7C26F20051B29B /* AlienTimerView.m in Sources */ = {isa = PBXBuildFile; fileRef = 8785F8B41B7C26F20051B29B /* AlienTimerView.m */; };
		8785F8EF1B7C46840051B29B /* Questions.storyboard in Resources */ = {isa = PBXBuildFile; fileRef = 8785F8EE1B7C46840051B29B /* Questions.storyboard */; };
		8785F8F21B7C46B20051B29B /* InitialNavigationController.m in Sources */ = {isa = PBXBuildFile; fileRef = 8785F8F11B7C46B20051B29B /* InitialNavigationController.m */; };
		8785F8F51B7C49560051B29B /* QuestionOneViewController.m in Sources */ = {isa = PBXBuildFile; fileRef = 8785F8F41B7C49560051B29B /* QuestionOneViewController.m */; };
		8785F8F81B7C495F0051B29B /* QuestionTwoViewController.m in Sources */ = {isa = PBXBuildFile; fileRef = 8785F8F71B7C495F0051B29B /* QuestionTwoViewController.m */; };
		8785F8FB1B7C49690051B29B /* QuestionThreeViewController.m in Sources */ = {isa = PBXBuildFile; fileRef = 8785F8FA1B7C49690051B29B /* QuestionThreeViewController.m */; };
		8785F8FE1B7C49720051B29B /* QuestionFourViewController.m in Sources */ = {isa = PBXBuildFile; fileRef = 8785F8FD1B7C49720051B29B /* QuestionFourViewController.m */; };
		8785F9011B7C497A0051B29B /* QuestionFiveViewController.m in Sources */ = {isa = PBXBuildFile; fileRef = 8785F9001B7C497A0051B29B /* QuestionFiveViewController.m */; };
		8785F9041B7C64CB0051B29B /* QuestionsConfigFile.m in Sources */ = {isa = PBXBuildFile; fileRef = 8785F9031B7C64CB0051B29B /* QuestionsConfigFile.m */; };
		8785F9071B7C6D250051B29B /* QuestionOneView.m in Sources */ = {isa = PBXBuildFile; fileRef = 8785F9061B7C6D250051B29B /* QuestionOneView.m */; };
		8785F90A1B7C7D210051B29B /* RS_SliderView.m in Sources */ = {isa = PBXBuildFile; fileRef = 8785F9091B7C7D210051B29B /* RS_SliderView.m */; };
		87BE0D381B82CCAC001E0D30 /* SocialNoImageCell.m in Sources */ = {isa = PBXBuildFile; fileRef = 87BE0D371B82CCAC001E0D30 /* SocialNoImageCell.m */; };
		87BE0D3B1B82CCBD001E0D30 /* SocialImageCell.m in Sources */ = {isa = PBXBuildFile; fileRef = 87BE0D3A1B82CCBD001E0D30 /* SocialImageCell.m */; };
		87D00AD81B7DCE3700C21378 /* QuestionNoProjectController.m in Sources */ = {isa = PBXBuildFile; fileRef = 87D00AD61B7DCE3700C21378 /* QuestionNoProjectController.m */; };
		87D00AD91B7DCE3700C21378 /* QuestionNoProjectController.xib in Resources */ = {isa = PBXBuildFile; fileRef = 87D00AD71B7DCE3700C21378 /* QuestionNoProjectController.xib */; };
		87D533E91B79CA5F00F3D6BE /* MessageOneCell.m in Sources */ = {isa = PBXBuildFile; fileRef = 87D533E81B79CA5F00F3D6BE /* MessageOneCell.m */; };
		87D533EC1B79CA6C00F3D6BE /* MessageTwoCell.m in Sources */ = {isa = PBXBuildFile; fileRef = 87D533EB1B79CA6C00F3D6BE /* MessageTwoCell.m */; };
		87D533EF1B79D52C00F3D6BE /* MessageConfigureFile.m in Sources */ = {isa = PBXBuildFile; fileRef = 87D533EE1B79D52C00F3D6BE /* MessageConfigureFile.m */; };
		87D533F21B79EC9F00F3D6BE /* MessageTimeChooseController.m in Sources */ = {isa = PBXBuildFile; fileRef = 87D533F11B79EC9F00F3D6BE /* MessageTimeChooseController.m */; };
		87D533F51B7A1F9400F3D6BE /* ModifyViewController.m in Sources */ = {isa = PBXBuildFile; fileRef = 87D533F41B7A1F9400F3D6BE /* ModifyViewController.m */; };
		87D533F81B7ACF7E00F3D6BE /* TeethStateConfigureFile.m in Sources */ = {isa = PBXBuildFile; fileRef = 87D533F71B7ACF7E00F3D6BE /* TeethStateConfigureFile.m */; };
		87D533FB1B7ADF3E00F3D6BE /* MeiBaiConfigFile.m in Sources */ = {isa = PBXBuildFile; fileRef = 87D533FA1B7ADF3E00F3D6BE /* MeiBaiConfigFile.m */; };
		87D533FE1B7ADF5600F3D6BE /* MeiBaiOneCell.m in Sources */ = {isa = PBXBuildFile; fileRef = 87D533FD1B7ADF5600F3D6BE /* MeiBaiOneCell.m */; };
		87D534011B7ADF6300F3D6BE /* MeiBaiTwoCell.m in Sources */ = {isa = PBXBuildFile; fileRef = 87D534001B7ADF6300F3D6BE /* MeiBaiTwoCell.m */; };
		87DABF501B7D801A0051DE31 /* QuestionAnalysizeController.m in Sources */ = {isa = PBXBuildFile; fileRef = 87DABF4E1B7D801A0051DE31 /* QuestionAnalysizeController.m */; };
		87DABF511B7D801A0051DE31 /* QuestionAnalysizeController.xib in Resources */ = {isa = PBXBuildFile; fileRef = 87DABF4F1B7D801A0051DE31 /* QuestionAnalysizeController.xib */; };
		87E2AB351B77578A001ED07F /* MessageNotificationController.m in Sources */ = {isa = PBXBuildFile; fileRef = 87E2AB341B77578A001ED07F /* MessageNotificationController.m */; };
		87E2AB381B775796001ED07F /* TeethStateViewController.m in Sources */ = {isa = PBXBuildFile; fileRef = 87E2AB371B775796001ED07F /* TeethStateViewController.m */; };
		87E2AB3B1B7757A2001ED07F /* MeiBaiProjectViewController.m in Sources */ = {isa = PBXBuildFile; fileRef = 87E2AB3A1B7757A2001ED07F /* MeiBaiProjectViewController.m */; };
		87E2AB3E1B7757B0001ED07F /* CeBaiHistoryViewController.m in Sources */ = {isa = PBXBuildFile; fileRef = 87E2AB3D1B7757B0001ED07F /* CeBaiHistoryViewController.m */; };
		87E2AB411B7757BA001ED07F /* UseHistoryViewController.m in Sources */ = {isa = PBXBuildFile; fileRef = 87E2AB401B7757BA001ED07F /* UseHistoryViewController.m */; };
		87E2AB441B7757C6001ED07F /* PersonalInfoViewController.m in Sources */ = {isa = PBXBuildFile; fileRef = 87E2AB431B7757C6001ED07F /* PersonalInfoViewController.m */; };
		87E2AB461B77585B001ED07F /* Setting.storyboard in Resources */ = {isa = PBXBuildFile; fileRef = 87E2AB451B77585B001ED07F /* Setting.storyboard */; };
		87E2AB491B7796D8001ED07F /* CeBaiHistoryCell.m in Sources */ = {isa = PBXBuildFile; fileRef = 87E2AB481B7796D8001ED07F /* CeBaiHistoryCell.m */; };
		87E2AB4E1B7856B7001ED07F /* NoticeTableViewCell.m in Sources */ = {isa = PBXBuildFile; fileRef = 87E2AB4D1B7856B7001ED07F /* NoticeTableViewCell.m */; };
		87E2AB511B78786C001ED07F /* CompositionCell.m in Sources */ = {isa = PBXBuildFile; fileRef = 87E2AB501B78786C001ED07F /* CompositionCell.m */; };
		87E2AB581B787FB9001ED07F /* CompositionDetailViewController.m in Sources */ = {isa = PBXBuildFile; fileRef = 87E2AB571B787FB9001ED07F /* CompositionDetailViewController.m */; };
		87E2AB5D1B7884CF001ED07F /* QRCodeAnimator.m in Sources */ = {isa = PBXBuildFile; fileRef = 87E2AB5A1B7884CF001ED07F /* QRCodeAnimator.m */; };
		87E2AB5E1B7884CF001ED07F /* QRCodeDismissAnimator.m in Sources */ = {isa = PBXBuildFile; fileRef = 87E2AB5C1B7884CF001ED07F /* QRCodeDismissAnimator.m */; };
		87E2AB621B78AFA3001ED07F /* AvatarCell.m in Sources */ = {isa = PBXBuildFile; fileRef = 87E2AB611B78AFA3001ED07F /* AvatarCell.m */; };
		87E2AB651B78AFB9001ED07F /* InfoCell.m in Sources */ = {isa = PBXBuildFile; fileRef = 87E2AB641B78AFB9001ED07F /* InfoCell.m */; };
		87E2AB691B78B8D5001ED07F /* AvatarViewController.m in Sources */ = {isa = PBXBuildFile; fileRef = 87E2AB681B78B8D5001ED07F /* AvatarViewController.m */; };
		87E2AB6D1B78B8E9001ED07F /* BirthDayViewController.m in Sources */ = {isa = PBXBuildFile; fileRef = 87E2AB6C1B78B8E9001ED07F /* BirthDayViewController.m */; };
		87E2AB711B78B91A001ED07F /* GenderViewController.m in Sources */ = {isa = PBXBuildFile; fileRef = 87E2AB701B78B91A001ED07F /* GenderViewController.m */; };
/* End PBXBuildFile section */

/* Begin PBXContainerItemProxy section */
		870A65EE1B77227100A51B26 /* PBXContainerItemProxy */ = {
			isa = PBXContainerItemProxy;
			containerPortal = 870A65CC1B77227100A51B26 /* Project object */;
			proxyType = 1;
			remoteGlobalIDString = 870A65D31B77227100A51B26;
			remoteInfo = TeethHelper;
		};
/* End PBXContainerItemProxy section */

/* Begin PBXFileReference section */
		1008C8556ADB9E5C2501287F /* Pods-TeethHelper.release.xcconfig */ = {isa = PBXFileReference; includeInIndex = 1; lastKnownFileType = text.xcconfig; name = "Pods-TeethHelper.release.xcconfig"; path = "Pods/Target Support Files/Pods-TeethHelper/Pods-TeethHelper.release.xcconfig"; sourceTree = "<group>"; };
		4615863A8894CAC0E83A0F95 /* Pods-TeethHelper.debug.xcconfig */ = {isa = PBXFileReference; includeInIndex = 1; lastKnownFileType = text.xcconfig; name = "Pods-TeethHelper.debug.xcconfig"; path = "Pods/Target Support Files/Pods-TeethHelper/Pods-TeethHelper.debug.xcconfig"; sourceTree = "<group>"; };
		56779700444A6622AC945D58 /* libPods-TeethHelper.a */ = {isa = PBXFileReference; explicitFileType = archive.ar; includeInIndex = 0; path = "libPods-TeethHelper.a"; sourceTree = BUILT_PRODUCTS_DIR; };
		870A65D41B77227100A51B26 /* TeethHelper.app */ = {isa = PBXFileReference; explicitFileType = wrapper.application; includeInIndex = 0; path = TeethHelper.app; sourceTree = BUILT_PRODUCTS_DIR; };
		870A65D81B77227100A51B26 /* Info.plist */ = {isa = PBXFileReference; lastKnownFileType = text.plist.xml; path = Info.plist; sourceTree = "<group>"; };
		870A65D91B77227100A51B26 /* main.m */ = {isa = PBXFileReference; lastKnownFileType = sourcecode.c.objc; path = main.m; sourceTree = "<group>"; };
		870A65DB1B77227100A51B26 /* AppDelegate.h */ = {isa = PBXFileReference; lastKnownFileType = sourcecode.c.h; path = AppDelegate.h; sourceTree = "<group>"; };
		870A65DC1B77227100A51B26 /* AppDelegate.m */ = {isa = PBXFileReference; lastKnownFileType = sourcecode.c.objc; path = AppDelegate.m; sourceTree = "<group>"; };
		870A65DE1B77227100A51B26 /* ViewController.h */ = {isa = PBXFileReference; lastKnownFileType = sourcecode.c.h; path = ViewController.h; sourceTree = "<group>"; };
		870A65DF1B77227100A51B26 /* ViewController.m */ = {isa = PBXFileReference; lastKnownFileType = sourcecode.c.objc; path = ViewController.m; sourceTree = "<group>"; };
		870A65E21B77227100A51B26 /* Base */ = {isa = PBXFileReference; lastKnownFileType = file.storyboard; name = Base; path = Base.lproj/Main.storyboard; sourceTree = "<group>"; };
		870A65E41B77227100A51B26 /* Images.xcassets */ = {isa = PBXFileReference; lastKnownFileType = folder.assetcatalog; path = Images.xcassets; sourceTree = "<group>"; };
		870A65E71B77227100A51B26 /* Base */ = {isa = PBXFileReference; lastKnownFileType = file.xib; name = Base; path = Base.lproj/LaunchScreen.xib; sourceTree = "<group>"; };
		870A65ED1B77227100A51B26 /* TeethHelperTests.xctest */ = {isa = PBXFileReference; explicitFileType = wrapper.cfbundle; includeInIndex = 0; path = TeethHelperTests.xctest; sourceTree = BUILT_PRODUCTS_DIR; };
		870A65F21B77227100A51B26 /* Info.plist */ = {isa = PBXFileReference; lastKnownFileType = text.plist.xml; path = Info.plist; sourceTree = "<group>"; };
		870A65F31B77227100A51B26 /* TeethHelperTests.m */ = {isa = PBXFileReference; lastKnownFileType = sourcecode.c.objc; path = TeethHelperTests.m; sourceTree = "<group>"; };
		870A65FE1B7722A500A51B26 /* LoginNavigationController.h */ = {isa = PBXFileReference; fileEncoding = 4; lastKnownFileType = sourcecode.c.h; path = LoginNavigationController.h; sourceTree = "<group>"; };
		870A65FF1B7722A500A51B26 /* LoginNavigationController.m */ = {isa = PBXFileReference; fileEncoding = 4; lastKnownFileType = sourcecode.c.objc; path = LoginNavigationController.m; sourceTree = "<group>"; };
		870A66011B7722B500A51B26 /* LoginViewController.h */ = {isa = PBXFileReference; fileEncoding = 4; lastKnownFileType = sourcecode.c.h; path = LoginViewController.h; sourceTree = "<group>"; };
		870A66021B7722B500A51B26 /* LoginViewController.m */ = {isa = PBXFileReference; fileEncoding = 4; lastKnownFileType = sourcecode.c.objc; path = LoginViewController.m; sourceTree = "<group>"; };
		870A66061B7722D600A51B26 /* Login.storyboard */ = {isa = PBXFileReference; fileEncoding = 4; lastKnownFileType = file.storyboard; path = Login.storyboard; sourceTree = "<group>"; };
		870A66091B7724B400A51B26 /* MainTabBarController.h */ = {isa = PBXFileReference; fileEncoding = 4; lastKnownFileType = sourcecode.c.h; path = MainTabBarController.h; sourceTree = "<group>"; };
		870A660A1B7724B400A51B26 /* MainTabBarController.m */ = {isa = PBXFileReference; fileEncoding = 4; lastKnownFileType = sourcecode.c.objc; path = MainTabBarController.m; sourceTree = "<group>"; };
		870A660D1B772FEB00A51B26 /* Utils.h */ = {isa = PBXFileReference; fileEncoding = 4; lastKnownFileType = sourcecode.c.h; path = Utils.h; sourceTree = "<group>"; };
		870A660E1B772FEB00A51B26 /* Utils.m */ = {isa = PBXFileReference; fileEncoding = 4; lastKnownFileType = sourcecode.c.objc; path = Utils.m; sourceTree = "<group>"; };
		870A66111B7730CD00A51B26 /* UIColor+HexRGB.h */ = {isa = PBXFileReference; fileEncoding = 4; lastKnownFileType = sourcecode.c.h; path = "UIColor+HexRGB.h"; sourceTree = "<group>"; };
		870A66121B7730CD00A51B26 /* UIColor+HexRGB.m */ = {isa = PBXFileReference; fileEncoding = 4; lastKnownFileType = sourcecode.c.objc; path = "UIColor+HexRGB.m"; sourceTree = "<group>"; };
		870A66141B77321900A51B26 /* AccountManager.h */ = {isa = PBXFileReference; fileEncoding = 4; lastKnownFileType = sourcecode.c.h; path = AccountManager.h; sourceTree = "<group>"; };
		870A66151B77321900A51B26 /* AccountManager.m */ = {isa = PBXFileReference; fileEncoding = 4; lastKnownFileType = sourcecode.c.objc; path = AccountManager.m; sourceTree = "<group>"; };
		873B75AF1B773984002D7871 /* RegisterViewController.h */ = {isa = PBXFileReference; fileEncoding = 4; lastKnownFileType = sourcecode.c.h; path = RegisterViewController.h; sourceTree = "<group>"; };
		873B75B01B773984002D7871 /* RegisterViewController.m */ = {isa = PBXFileReference; fileEncoding = 4; lastKnownFileType = sourcecode.c.objc; path = RegisterViewController.m; sourceTree = "<group>"; };
		873B75B21B7739B8002D7871 /* ForgetPasswordViewController.h */ = {isa = PBXFileReference; fileEncoding = 4; lastKnownFileType = sourcecode.c.h; path = ForgetPasswordViewController.h; sourceTree = "<group>"; };
		873B75B31B7739B8002D7871 /* ForgetPasswordViewController.m */ = {isa = PBXFileReference; fileEncoding = 4; lastKnownFileType = sourcecode.c.objc; path = ForgetPasswordViewController.m; sourceTree = "<group>"; };
		873B75B51B773E42002D7871 /* NetworkManager.h */ = {isa = PBXFileReference; fileEncoding = 4; lastKnownFileType = sourcecode.c.h; path = NetworkManager.h; sourceTree = "<group>"; };
		873B75B61B773E42002D7871 /* NetworkManager.m */ = {isa = PBXFileReference; fileEncoding = 4; lastKnownFileType = sourcecode.c.objc; path = NetworkManager.m; sourceTree = "<group>"; };
		873B75BC1B77400D002D7871 /* MeiBaiViewController.h */ = {isa = PBXFileReference; fileEncoding = 4; lastKnownFileType = sourcecode.c.h; path = MeiBaiViewController.h; sourceTree = "<group>"; };
		873B75BD1B77400D002D7871 /* MeiBaiViewController.m */ = {isa = PBXFileReference; fileEncoding = 4; lastKnownFileType = sourcecode.c.objc; path = MeiBaiViewController.m; sourceTree = "<group>"; };
		873B75BF1B774020002D7871 /* CeBaiViewController.h */ = {isa = PBXFileReference; fileEncoding = 4; lastKnownFileType = sourcecode.c.h; path = CeBaiViewController.h; sourceTree = "<group>"; };
		873B75C01B774020002D7871 /* CeBaiViewController.m */ = {isa = PBXFileReference; fileEncoding = 4; lastKnownFileType = sourcecode.c.objc; path = CeBaiViewController.m; sourceTree = "<group>"; };
		873B75C21B774029002D7871 /* SocialViewController.h */ = {isa = PBXFileReference; fileEncoding = 4; lastKnownFileType = sourcecode.c.h; path = SocialViewController.h; sourceTree = "<group>"; };
		873B75C31B774029002D7871 /* SocialViewController.m */ = {isa = PBXFileReference; fileEncoding = 4; lastKnownFileType = sourcecode.c.objc; path = SocialViewController.m; sourceTree = "<group>"; };
		873B75C81B77407A002D7871 /* PersonalViewController.h */ = {isa = PBXFileReference; fileEncoding = 4; lastKnownFileType = sourcecode.c.h; path = PersonalViewController.h; sourceTree = "<group>"; };
		873B75C91B77407A002D7871 /* PersonalViewController.m */ = {isa = PBXFileReference; fileEncoding = 4; lastKnownFileType = sourcecode.c.objc; path = PersonalViewController.m; sourceTree = "<group>"; };
		873B75CB1B7742EF002D7871 /* ProductIntroduceViewController.h */ = {isa = PBXFileReference; fileEncoding = 4; lastKnownFileType = sourcecode.c.h; path = ProductIntroduceViewController.h; sourceTree = "<group>"; };
		873B75CC1B7742EF002D7871 /* ProductIntroduceViewController.m */ = {isa = PBXFileReference; fileEncoding = 4; lastKnownFileType = sourcecode.c.objc; path = ProductIntroduceViewController.m; sourceTree = "<group>"; };
		873B75CF1B774338002D7871 /* Product.storyboard */ = {isa = PBXFileReference; fileEncoding = 4; lastKnownFileType = file.storyboard; path = Product.storyboard; sourceTree = "<group>"; };
		873B75D11B774C8A002D7871 /* ProductDetailViewController.h */ = {isa = PBXFileReference; fileEncoding = 4; lastKnownFileType = sourcecode.c.h; path = ProductDetailViewController.h; sourceTree = "<group>"; };
		873B75D21B774C8A002D7871 /* ProductDetailViewController.m */ = {isa = PBXFileReference; fileEncoding = 4; lastKnownFileType = sourcecode.c.objc; path = ProductDetailViewController.m; sourceTree = "<group>"; };
		873B75D41B774CB5002D7871 /* ProductCompositionViewController.h */ = {isa = PBXFileReference; fileEncoding = 4; lastKnownFileType = sourcecode.c.h; path = ProductCompositionViewController.h; sourceTree = "<group>"; };
		873B75D51B774CB5002D7871 /* ProductCompositionViewController.m */ = {isa = PBXFileReference; fileEncoding = 4; lastKnownFileType = sourcecode.c.objc; path = ProductCompositionViewController.m; sourceTree = "<group>"; };
		873B75D71B774CC9002D7871 /* NewGuideViewController.h */ = {isa = PBXFileReference; fileEncoding = 4; lastKnownFileType = sourcecode.c.h; path = NewGuideViewController.h; sourceTree = "<group>"; };
		873B75D81B774CC9002D7871 /* NewGuideViewController.m */ = {isa = PBXFileReference; fileEncoding = 4; lastKnownFileType = sourcecode.c.objc; path = NewGuideViewController.m; sourceTree = "<group>"; };
		873B75DA1B774CEA002D7871 /* NoticeViewController.h */ = {isa = PBXFileReference; fileEncoding = 4; lastKnownFileType = sourcecode.c.h; path = NoticeViewController.h; sourceTree = "<group>"; };
		873B75DB1B774CEA002D7871 /* NoticeViewController.m */ = {isa = PBXFileReference; fileEncoding = 4; lastKnownFileType = sourcecode.c.objc; path = NoticeViewController.m; sourceTree = "<group>"; };
		873B75DD1B775155002D7871 /* PersonalTableViewCell.h */ = {isa = PBXFileReference; fileEncoding = 4; lastKnownFileType = sourcecode.c.h; path = PersonalTableViewCell.h; sourceTree = "<group>"; };
		873B75DE1B775155002D7871 /* PersonalTableViewCell.m */ = {isa = PBXFileReference; fileEncoding = 4; lastKnownFileType = sourcecode.c.objc; path = PersonalTableViewCell.m; sourceTree = "<group>"; };
		8742497B1B78E72500F6DB69 /* PhoneInfoViewController.h */ = {isa = PBXFileReference; fileEncoding = 4; lastKnownFileType = sourcecode.c.h; path = PhoneInfoViewController.h; sourceTree = "<group>"; };
		8742497C1B78E72500F6DB69 /* PhoneInfoViewController.m */ = {isa = PBXFileReference; fileEncoding = 4; lastKnownFileType = sourcecode.c.objc; path = PhoneInfoViewController.m; sourceTree = "<group>"; };
		8742497F1B78E73500F6DB69 /* AddressViewController.h */ = {isa = PBXFileReference; fileEncoding = 4; lastKnownFileType = sourcecode.c.h; path = AddressViewController.h; sourceTree = "<group>"; };
		874249801B78E73500F6DB69 /* AddressViewController.m */ = {isa = PBXFileReference; fileEncoding = 4; lastKnownFileType = sourcecode.c.objc; path = AddressViewController.m; sourceTree = "<group>"; };
		874249831B78E74400F6DB69 /* NameInfoViewController.h */ = {isa = PBXFileReference; fileEncoding = 4; lastKnownFileType = sourcecode.c.h; path = NameInfoViewController.h; sourceTree = "<group>"; };
		874249841B78E74400F6DB69 /* NameInfoViewController.m */ = {isa = PBXFileReference; fileEncoding = 4; lastKnownFileType = sourcecode.c.objc; path = NameInfoViewController.m; sourceTree = "<group>"; };
		874249861B7989C600F6DB69 /* TeethStateCell.h */ = {isa = PBXFileReference; fileEncoding = 4; lastKnownFileType = sourcecode.c.h; path = TeethStateCell.h; sourceTree = "<group>"; };
		874249871B7989C600F6DB69 /* TeethStateCell.m */ = {isa = PBXFileReference; fileEncoding = 4; lastKnownFileType = sourcecode.c.objc; path = TeethStateCell.m; sourceTree = "<group>"; };
		8742498A1B798CE600F6DB69 /* TeethDetailOneController.h */ = {isa = PBXFileReference; fileEncoding = 4; lastKnownFileType = sourcecode.c.h; path = TeethDetailOneController.h; sourceTree = "<group>"; };
		8742498B1B798CE600F6DB69 /* TeethDetailOneController.m */ = {isa = PBXFileReference; fileEncoding = 4; lastKnownFileType = sourcecode.c.objc; path = TeethDetailOneController.m; sourceTree = "<group>"; };
		8742498D1B798CF700F6DB69 /* TeethDetailTwoController.h */ = {isa = PBXFileReference; fileEncoding = 4; lastKnownFileType = sourcecode.c.h; path = TeethDetailTwoController.h; sourceTree = "<group>"; };
		8742498E1B798CF700F6DB69 /* TeethDetailTwoController.m */ = {isa = PBXFileReference; fileEncoding = 4; lastKnownFileType = sourcecode.c.objc; path = TeethDetailTwoController.m; sourceTree = "<group>"; };
		874249901B798D0600F6DB69 /* TeethDetailThreeController.h */ = {isa = PBXFileReference; fileEncoding = 4; lastKnownFileType = sourcecode.c.h; path = TeethDetailThreeController.h; sourceTree = "<group>"; };
		874249911B798D0600F6DB69 /* TeethDetailThreeController.m */ = {isa = PBXFileReference; fileEncoding = 4; lastKnownFileType = sourcecode.c.objc; path = TeethDetailThreeController.m; sourceTree = "<group>"; };
		874249931B798EF100F6DB69 /* TeethChooseView.h */ = {isa = PBXFileReference; fileEncoding = 4; lastKnownFileType = sourcecode.c.h; path = TeethChooseView.h; sourceTree = "<group>"; };
		874249941B798EF100F6DB69 /* TeethChooseView.m */ = {isa = PBXFileReference; fileEncoding = 4; lastKnownFileType = sourcecode.c.objc; path = TeethChooseView.m; sourceTree = "<group>"; };
		8745C8D51B807EA400272FB4 /* MeiBaiThreeCell.h */ = {isa = PBXFileReference; fileEncoding = 4; lastKnownFileType = sourcecode.c.h; path = MeiBaiThreeCell.h; sourceTree = "<group>"; };
		8745C8D61B807EA400272FB4 /* MeiBaiThreeCell.m */ = {isa = PBXFileReference; fileEncoding = 4; lastKnownFileType = sourcecode.c.objc; path = MeiBaiThreeCell.m; sourceTree = "<group>"; };
		87465BB61B808A8400EA40C7 /* MeibaiItemChooseController.h */ = {isa = PBXFileReference; fileEncoding = 4; lastKnownFileType = sourcecode.c.h; path = MeibaiItemChooseController.h; sourceTree = "<group>"; };
		87465BB71B808A8400EA40C7 /* MeibaiItemChooseController.m */ = {isa = PBXFileReference; fileEncoding = 4; lastKnownFileType = sourcecode.c.objc; path = MeibaiItemChooseController.m; sourceTree = "<group>"; };
		87465BB91B818FA800EA40C7 /* ProjectCompletedQuesitonController.h */ = {isa = PBXFileReference; fileEncoding = 4; lastKnownFileType = sourcecode.c.h; path = ProjectCompletedQuesitonController.h; sourceTree = "<group>"; };
		87465BBA1B818FA800EA40C7 /* ProjectCompletedQuesitonController.m */ = {isa = PBXFileReference; fileEncoding = 4; lastKnownFileType = sourcecode.c.objc; path = ProjectCompletedQuesitonController.m; sourceTree = "<group>"; };
		87465BBB1B818FA800EA40C7 /* ProjectCompletedQuesitonController.xib */ = {isa = PBXFileReference; fileEncoding = 4; lastKnownFileType = file.xib; path = ProjectCompletedQuesitonController.xib; sourceTree = "<group>"; };
		877B4E3A1B7CD95D00E6720D /* SplashViewController.h */ = {isa = PBXFileReference; fileEncoding = 4; lastKnownFileType = sourcecode.c.h; path = SplashViewController.h; sourceTree = "<group>"; };
		877B4E3B1B7CD95D00E6720D /* SplashViewController.m */ = {isa = PBXFileReference; fileEncoding = 4; lastKnownFileType = sourcecode.c.objc; path = SplashViewController.m; sourceTree = "<group>"; };
		877B4E3C1B7CD95D00E6720D /* SplashViewController.xib */ = {isa = PBXFileReference; fileEncoding = 4; lastKnownFileType = file.xib; path = SplashViewController.xib; sourceTree = "<group>"; };
		878108C31B7B907A000A735F /* AlienView.h */ = {isa = PBXFileReference; fileEncoding = 4; lastKnownFileType = sourcecode.c.h; path = AlienView.h; sourceTree = "<group>"; };
		878108C41B7B907A000A735F /* AlienView.m */ = {isa = PBXFileReference; fileEncoding = 4; lastKnownFileType = sourcecode.c.objc; path = AlienView.m; sourceTree = "<group>"; };
		878108C61B7B934A000A735F /* ALienGrayView.h */ = {isa = PBXFileReference; fileEncoding = 4; lastKnownFileType = sourcecode.c.h; path = ALienGrayView.h; sourceTree = "<group>"; };
		878108C71B7B934A000A735F /* ALienGrayView.m */ = {isa = PBXFileReference; fileEncoding = 4; lastKnownFileType = sourcecode.c.objc; path = ALienGrayView.m; sourceTree = "<group>"; };
		8785F8AE1B7C1DD20051B29B /* MeibaiProjectController.h */ = {isa = PBXFileReference; fileEncoding = 4; lastKnownFileType = sourcecode.c.h; path = MeibaiProjectController.h; sourceTree = "<group>"; };
		8785F8AF1B7C1DD20051B29B /* MeibaiProjectController.m */ = {isa = PBXFileReference; fileEncoding = 4; lastKnownFileType = sourcecode.c.objc; path = MeibaiProjectController.m; sourceTree = "<group>"; };
		8785F8B01B7C1DD20051B29B /* MeibaiProjectController.xib */ = {isa = PBXFileReference; fileEncoding = 4; lastKnownFileType = file.xib; path = MeibaiProjectController.xib; sourceTree = "<group>"; };
		8785F8B31B7C26F20051B29B /* AlienTimerView.h */ = {isa = PBXFileReference; fileEncoding = 4; lastKnownFileType = sourcecode.c.h; path = AlienTimerView.h; sourceTree = "<group>"; };
		8785F8B41B7C26F20051B29B /* AlienTimerView.m */ = {isa = PBXFileReference; fileEncoding = 4; lastKnownFileType = sourcecode.c.objc; path = AlienTimerView.m; sourceTree = "<group>"; };
		8785F8EE1B7C46840051B29B /* Questions.storyboard */ = {isa = PBXFileReference; fileEncoding = 4; lastKnownFileType = file.storyboard; path = Questions.storyboard; sourceTree = "<group>"; };
		8785F8F01B7C46B20051B29B /* InitialNavigationController.h */ = {isa = PBXFileReference; fileEncoding = 4; lastKnownFileType = sourcecode.c.h; path = InitialNavigationController.h; sourceTree = "<group>"; };
		8785F8F11B7C46B20051B29B /* InitialNavigationController.m */ = {isa = PBXFileReference; fileEncoding = 4; lastKnownFileType = sourcecode.c.objc; path = InitialNavigationController.m; sourceTree = "<group>"; };
		8785F8F31B7C49560051B29B /* QuestionOneViewController.h */ = {isa = PBXFileReference; fileEncoding = 4; lastKnownFileType = sourcecode.c.h; path = QuestionOneViewController.h; sourceTree = "<group>"; };
		8785F8F41B7C49560051B29B /* QuestionOneViewController.m */ = {isa = PBXFileReference; fileEncoding = 4; lastKnownFileType = sourcecode.c.objc; path = QuestionOneViewController.m; sourceTree = "<group>"; };
		8785F8F61B7C495F0051B29B /* QuestionTwoViewController.h */ = {isa = PBXFileReference; fileEncoding = 4; lastKnownFileType = sourcecode.c.h; path = QuestionTwoViewController.h; sourceTree = "<group>"; };
		8785F8F71B7C495F0051B29B /* QuestionTwoViewController.m */ = {isa = PBXFileReference; fileEncoding = 4; lastKnownFileType = sourcecode.c.objc; path = QuestionTwoViewController.m; sourceTree = "<group>"; };
		8785F8F91B7C49690051B29B /* QuestionThreeViewController.h */ = {isa = PBXFileReference; fileEncoding = 4; lastKnownFileType = sourcecode.c.h; path = QuestionThreeViewController.h; sourceTree = "<group>"; };
		8785F8FA1B7C49690051B29B /* QuestionThreeViewController.m */ = {isa = PBXFileReference; fileEncoding = 4; lastKnownFileType = sourcecode.c.objc; path = QuestionThreeViewController.m; sourceTree = "<group>"; };
		8785F8FC1B7C49720051B29B /* QuestionFourViewController.h */ = {isa = PBXFileReference; fileEncoding = 4; lastKnownFileType = sourcecode.c.h; path = QuestionFourViewController.h; sourceTree = "<group>"; };
		8785F8FD1B7C49720051B29B /* QuestionFourViewController.m */ = {isa = PBXFileReference; fileEncoding = 4; lastKnownFileType = sourcecode.c.objc; path = QuestionFourViewController.m; sourceTree = "<group>"; };
		8785F8FF1B7C497A0051B29B /* QuestionFiveViewController.h */ = {isa = PBXFileReference; fileEncoding = 4; lastKnownFileType = sourcecode.c.h; path = QuestionFiveViewController.h; sourceTree = "<group>"; };
		8785F9001B7C497A0051B29B /* QuestionFiveViewController.m */ = {isa = PBXFileReference; fileEncoding = 4; lastKnownFileType = sourcecode.c.objc; path = QuestionFiveViewController.m; sourceTree = "<group>"; };
		8785F9021B7C64CB0051B29B /* QuestionsConfigFile.h */ = {isa = PBXFileReference; fileEncoding = 4; lastKnownFileType = sourcecode.c.h; path = QuestionsConfigFile.h; sourceTree = "<group>"; };
		8785F9031B7C64CB0051B29B /* QuestionsConfigFile.m */ = {isa = PBXFileReference; fileEncoding = 4; lastKnownFileType = sourcecode.c.objc; path = QuestionsConfigFile.m; sourceTree = "<group>"; };
		8785F9051B7C6D250051B29B /* QuestionOneView.h */ = {isa = PBXFileReference; fileEncoding = 4; lastKnownFileType = sourcecode.c.h; path = QuestionOneView.h; sourceTree = "<group>"; };
		8785F9061B7C6D250051B29B /* QuestionOneView.m */ = {isa = PBXFileReference; fileEncoding = 4; lastKnownFileType = sourcecode.c.objc; path = QuestionOneView.m; sourceTree = "<group>"; };
		8785F9081B7C7D210051B29B /* RS_SliderView.h */ = {isa = PBXFileReference; fileEncoding = 4; lastKnownFileType = sourcecode.c.h; path = RS_SliderView.h; sourceTree = "<group>"; };
		8785F9091B7C7D210051B29B /* RS_SliderView.m */ = {isa = PBXFileReference; fileEncoding = 4; lastKnownFileType = sourcecode.c.objc; path = RS_SliderView.m; sourceTree = "<group>"; };
		87BE0D361B82CCAC001E0D30 /* SocialNoImageCell.h */ = {isa = PBXFileReference; fileEncoding = 4; lastKnownFileType = sourcecode.c.h; path = SocialNoImageCell.h; sourceTree = "<group>"; };
		87BE0D371B82CCAC001E0D30 /* SocialNoImageCell.m */ = {isa = PBXFileReference; fileEncoding = 4; lastKnownFileType = sourcecode.c.objc; path = SocialNoImageCell.m; sourceTree = "<group>"; };
		87BE0D391B82CCBD001E0D30 /* SocialImageCell.h */ = {isa = PBXFileReference; fileEncoding = 4; lastKnownFileType = sourcecode.c.h; path = SocialImageCell.h; sourceTree = "<group>"; };
		87BE0D3A1B82CCBD001E0D30 /* SocialImageCell.m */ = {isa = PBXFileReference; fileEncoding = 4; lastKnownFileType = sourcecode.c.objc; path = SocialImageCell.m; sourceTree = "<group>"; };
		87D00AD51B7DCE3700C21378 /* QuestionNoProjectController.h */ = {isa = PBXFileReference; fileEncoding = 4; lastKnownFileType = sourcecode.c.h; path = QuestionNoProjectController.h; sourceTree = "<group>"; };
		87D00AD61B7DCE3700C21378 /* QuestionNoProjectController.m */ = {isa = PBXFileReference; fileEncoding = 4; lastKnownFileType = sourcecode.c.objc; path = QuestionNoProjectController.m; sourceTree = "<group>"; };
		87D00AD71B7DCE3700C21378 /* QuestionNoProjectController.xib */ = {isa = PBXFileReference; fileEncoding = 4; lastKnownFileType = file.xib; path = QuestionNoProjectController.xib; sourceTree = "<group>"; };
		87D533E71B79CA5F00F3D6BE /* MessageOneCell.h */ = {isa = PBXFileReference; fileEncoding = 4; lastKnownFileType = sourcecode.c.h; path = MessageOneCell.h; sourceTree = "<group>"; };
		87D533E81B79CA5F00F3D6BE /* MessageOneCell.m */ = {isa = PBXFileReference; fileEncoding = 4; lastKnownFileType = sourcecode.c.objc; path = MessageOneCell.m; sourceTree = "<group>"; };
		87D533EA1B79CA6C00F3D6BE /* MessageTwoCell.h */ = {isa = PBXFileReference; fileEncoding = 4; lastKnownFileType = sourcecode.c.h; path = MessageTwoCell.h; sourceTree = "<group>"; };
		87D533EB1B79CA6C00F3D6BE /* MessageTwoCell.m */ = {isa = PBXFileReference; fileEncoding = 4; lastKnownFileType = sourcecode.c.objc; path = MessageTwoCell.m; sourceTree = "<group>"; };
		87D533ED1B79D52C00F3D6BE /* MessageConfigureFile.h */ = {isa = PBXFileReference; fileEncoding = 4; lastKnownFileType = sourcecode.c.h; path = MessageConfigureFile.h; sourceTree = "<group>"; };
		87D533EE1B79D52C00F3D6BE /* MessageConfigureFile.m */ = {isa = PBXFileReference; fileEncoding = 4; lastKnownFileType = sourcecode.c.objc; path = MessageConfigureFile.m; sourceTree = "<group>"; };
		87D533F01B79EC9F00F3D6BE /* MessageTimeChooseController.h */ = {isa = PBXFileReference; fileEncoding = 4; lastKnownFileType = sourcecode.c.h; path = MessageTimeChooseController.h; sourceTree = "<group>"; };
		87D533F11B79EC9F00F3D6BE /* MessageTimeChooseController.m */ = {isa = PBXFileReference; fileEncoding = 4; lastKnownFileType = sourcecode.c.objc; path = MessageTimeChooseController.m; sourceTree = "<group>"; };
		87D533F31B7A1F9400F3D6BE /* ModifyViewController.h */ = {isa = PBXFileReference; fileEncoding = 4; lastKnownFileType = sourcecode.c.h; path = ModifyViewController.h; sourceTree = "<group>"; };
		87D533F41B7A1F9400F3D6BE /* ModifyViewController.m */ = {isa = PBXFileReference; fileEncoding = 4; lastKnownFileType = sourcecode.c.objc; path = ModifyViewController.m; sourceTree = "<group>"; };
		87D533F61B7ACF7E00F3D6BE /* TeethStateConfigureFile.h */ = {isa = PBXFileReference; fileEncoding = 4; lastKnownFileType = sourcecode.c.h; path = TeethStateConfigureFile.h; sourceTree = "<group>"; };
		87D533F71B7ACF7E00F3D6BE /* TeethStateConfigureFile.m */ = {isa = PBXFileReference; fileEncoding = 4; lastKnownFileType = sourcecode.c.objc; path = TeethStateConfigureFile.m; sourceTree = "<group>"; };
		87D533F91B7ADF3E00F3D6BE /* MeiBaiConfigFile.h */ = {isa = PBXFileReference; fileEncoding = 4; lastKnownFileType = sourcecode.c.h; path = MeiBaiConfigFile.h; sourceTree = "<group>"; };
		87D533FA1B7ADF3E00F3D6BE /* MeiBaiConfigFile.m */ = {isa = PBXFileReference; fileEncoding = 4; lastKnownFileType = sourcecode.c.objc; path = MeiBaiConfigFile.m; sourceTree = "<group>"; };
		87D533FC1B7ADF5600F3D6BE /* MeiBaiOneCell.h */ = {isa = PBXFileReference; fileEncoding = 4; lastKnownFileType = sourcecode.c.h; path = MeiBaiOneCell.h; sourceTree = "<group>"; };
		87D533FD1B7ADF5600F3D6BE /* MeiBaiOneCell.m */ = {isa = PBXFileReference; fileEncoding = 4; lastKnownFileType = sourcecode.c.objc; path = MeiBaiOneCell.m; sourceTree = "<group>"; };
		87D533FF1B7ADF6300F3D6BE /* MeiBaiTwoCell.h */ = {isa = PBXFileReference; fileEncoding = 4; lastKnownFileType = sourcecode.c.h; path = MeiBaiTwoCell.h; sourceTree = "<group>"; };
		87D534001B7ADF6300F3D6BE /* MeiBaiTwoCell.m */ = {isa = PBXFileReference; fileEncoding = 4; lastKnownFileType = sourcecode.c.objc; path = MeiBaiTwoCell.m; sourceTree = "<group>"; };
		87DABF4D1B7D801A0051DE31 /* QuestionAnalysizeController.h */ = {isa = PBXFileReference; fileEncoding = 4; lastKnownFileType = sourcecode.c.h; path = QuestionAnalysizeController.h; sourceTree = "<group>"; };
		87DABF4E1B7D801A0051DE31 /* QuestionAnalysizeController.m */ = {isa = PBXFileReference; fileEncoding = 4; lastKnownFileType = sourcecode.c.objc; path = QuestionAnalysizeController.m; sourceTree = "<group>"; };
		87DABF4F1B7D801A0051DE31 /* QuestionAnalysizeController.xib */ = {isa = PBXFileReference; fileEncoding = 4; lastKnownFileType = file.xib; path = QuestionAnalysizeController.xib; sourceTree = "<group>"; };
		87E2AB331B77578A001ED07F /* MessageNotificationController.h */ = {isa = PBXFileReference; fileEncoding = 4; lastKnownFileType = sourcecode.c.h; path = MessageNotificationController.h; sourceTree = "<group>"; };
		87E2AB341B77578A001ED07F /* MessageNotificationController.m */ = {isa = PBXFileReference; fileEncoding = 4; lastKnownFileType = sourcecode.c.objc; path = MessageNotificationController.m; sourceTree = "<group>"; };
		87E2AB361B775796001ED07F /* TeethStateViewController.h */ = {isa = PBXFileReference; fileEncoding = 4; lastKnownFileType = sourcecode.c.h; path = TeethStateViewController.h; sourceTree = "<group>"; };
		87E2AB371B775796001ED07F /* TeethStateViewController.m */ = {isa = PBXFileReference; fileEncoding = 4; lastKnownFileType = sourcecode.c.objc; path = TeethStateViewController.m; sourceTree = "<group>"; };
		87E2AB391B7757A2001ED07F /* MeiBaiProjectViewController.h */ = {isa = PBXFileReference; fileEncoding = 4; lastKnownFileType = sourcecode.c.h; path = MeiBaiProjectViewController.h; sourceTree = "<group>"; };
		87E2AB3A1B7757A2001ED07F /* MeiBaiProjectViewController.m */ = {isa = PBXFileReference; fileEncoding = 4; lastKnownFileType = sourcecode.c.objc; path = MeiBaiProjectViewController.m; sourceTree = "<group>"; };
		87E2AB3C1B7757B0001ED07F /* CeBaiHistoryViewController.h */ = {isa = PBXFileReference; fileEncoding = 4; lastKnownFileType = sourcecode.c.h; path = CeBaiHistoryViewController.h; sourceTree = "<group>"; };
		87E2AB3D1B7757B0001ED07F /* CeBaiHistoryViewController.m */ = {isa = PBXFileReference; fileEncoding = 4; lastKnownFileType = sourcecode.c.objc; path = CeBaiHistoryViewController.m; sourceTree = "<group>"; };
		87E2AB3F1B7757BA001ED07F /* UseHistoryViewController.h */ = {isa = PBXFileReference; fileEncoding = 4; lastKnownFileType = sourcecode.c.h; path = UseHistoryViewController.h; sourceTree = "<group>"; };
		87E2AB401B7757BA001ED07F /* UseHistoryViewController.m */ = {isa = PBXFileReference; fileEncoding = 4; lastKnownFileType = sourcecode.c.objc; path = UseHistoryViewController.m; sourceTree = "<group>"; };
		87E2AB421B7757C6001ED07F /* PersonalInfoViewController.h */ = {isa = PBXFileReference; fileEncoding = 4; lastKnownFileType = sourcecode.c.h; path = PersonalInfoViewController.h; sourceTree = "<group>"; };
		87E2AB431B7757C6001ED07F /* PersonalInfoViewController.m */ = {isa = PBXFileReference; fileEncoding = 4; lastKnownFileType = sourcecode.c.objc; path = PersonalInfoViewController.m; sourceTree = "<group>"; };
		87E2AB451B77585B001ED07F /* Setting.storyboard */ = {isa = PBXFileReference; fileEncoding = 4; lastKnownFileType = file.storyboard; path = Setting.storyboard; sourceTree = "<group>"; };
		87E2AB471B7796D8001ED07F /* CeBaiHistoryCell.h */ = {isa = PBXFileReference; fileEncoding = 4; lastKnownFileType = sourcecode.c.h; path = CeBaiHistoryCell.h; sourceTree = "<group>"; };
		87E2AB481B7796D8001ED07F /* CeBaiHistoryCell.m */ = {isa = PBXFileReference; fileEncoding = 4; lastKnownFileType = sourcecode.c.objc; path = CeBaiHistoryCell.m; sourceTree = "<group>"; };
		87E2AB4C1B7856B7001ED07F /* NoticeTableViewCell.h */ = {isa = PBXFileReference; fileEncoding = 4; lastKnownFileType = sourcecode.c.h; path = NoticeTableViewCell.h; sourceTree = "<group>"; };
		87E2AB4D1B7856B7001ED07F /* NoticeTableViewCell.m */ = {isa = PBXFileReference; fileEncoding = 4; lastKnownFileType = sourcecode.c.objc; path = NoticeTableViewCell.m; sourceTree = "<group>"; };
		87E2AB4F1B78786C001ED07F /* CompositionCell.h */ = {isa = PBXFileReference; fileEncoding = 4; lastKnownFileType = sourcecode.c.h; path = CompositionCell.h; sourceTree = "<group>"; };
		87E2AB501B78786C001ED07F /* CompositionCell.m */ = {isa = PBXFileReference; fileEncoding = 4; lastKnownFileType = sourcecode.c.objc; path = CompositionCell.m; sourceTree = "<group>"; };
		87E2AB561B787FB9001ED07F /* CompositionDetailViewController.h */ = {isa = PBXFileReference; fileEncoding = 4; lastKnownFileType = sourcecode.c.h; path = CompositionDetailViewController.h; sourceTree = "<group>"; };
		87E2AB571B787FB9001ED07F /* CompositionDetailViewController.m */ = {isa = PBXFileReference; fileEncoding = 4; lastKnownFileType = sourcecode.c.objc; path = CompositionDetailViewController.m; sourceTree = "<group>"; };
		87E2AB591B7884CF001ED07F /* QRCodeAnimator.h */ = {isa = PBXFileReference; fileEncoding = 4; lastKnownFileType = sourcecode.c.h; path = QRCodeAnimator.h; sourceTree = "<group>"; };
		87E2AB5A1B7884CF001ED07F /* QRCodeAnimator.m */ = {isa = PBXFileReference; fileEncoding = 4; lastKnownFileType = sourcecode.c.objc; path = QRCodeAnimator.m; sourceTree = "<group>"; };
		87E2AB5B1B7884CF001ED07F /* QRCodeDismissAnimator.h */ = {isa = PBXFileReference; fileEncoding = 4; lastKnownFileType = sourcecode.c.h; path = QRCodeDismissAnimator.h; sourceTree = "<group>"; };
		87E2AB5C1B7884CF001ED07F /* QRCodeDismissAnimator.m */ = {isa = PBXFileReference; fileEncoding = 4; lastKnownFileType = sourcecode.c.objc; path = QRCodeDismissAnimator.m; sourceTree = "<group>"; };
		87E2AB601B78AFA3001ED07F /* AvatarCell.h */ = {isa = PBXFileReference; fileEncoding = 4; lastKnownFileType = sourcecode.c.h; path = AvatarCell.h; sourceTree = "<group>"; };
		87E2AB611B78AFA3001ED07F /* AvatarCell.m */ = {isa = PBXFileReference; fileEncoding = 4; lastKnownFileType = sourcecode.c.objc; path = AvatarCell.m; sourceTree = "<group>"; };
		87E2AB631B78AFB9001ED07F /* InfoCell.h */ = {isa = PBXFileReference; fileEncoding = 4; lastKnownFileType = sourcecode.c.h; path = InfoCell.h; sourceTree = "<group>"; };
		87E2AB641B78AFB9001ED07F /* InfoCell.m */ = {isa = PBXFileReference; fileEncoding = 4; lastKnownFileType = sourcecode.c.objc; path = InfoCell.m; sourceTree = "<group>"; };
		87E2AB671B78B8D5001ED07F /* AvatarViewController.h */ = {isa = PBXFileReference; fileEncoding = 4; lastKnownFileType = sourcecode.c.h; path = AvatarViewController.h; sourceTree = "<group>"; };
		87E2AB681B78B8D5001ED07F /* AvatarViewController.m */ = {isa = PBXFileReference; fileEncoding = 4; lastKnownFileType = sourcecode.c.objc; path = AvatarViewController.m; sourceTree = "<group>"; };
		87E2AB6B1B78B8E9001ED07F /* BirthDayViewController.h */ = {isa = PBXFileReference; fileEncoding = 4; lastKnownFileType = sourcecode.c.h; path = BirthDayViewController.h; sourceTree = "<group>"; };
		87E2AB6C1B78B8E9001ED07F /* BirthDayViewController.m */ = {isa = PBXFileReference; fileEncoding = 4; lastKnownFileType = sourcecode.c.objc; path = BirthDayViewController.m; sourceTree = "<group>"; };
		87E2AB6F1B78B91A001ED07F /* GenderViewController.h */ = {isa = PBXFileReference; fileEncoding = 4; lastKnownFileType = sourcecode.c.h; path = GenderViewController.h; sourceTree = "<group>"; };
		87E2AB701B78B91A001ED07F /* GenderViewController.m */ = {isa = PBXFileReference; fileEncoding = 4; lastKnownFileType = sourcecode.c.objc; path = GenderViewController.m; sourceTree = "<group>"; };
/* End PBXFileReference section */

/* Begin PBXFrameworksBuildPhase section */
		870A65D11B77227100A51B26 /* Frameworks */ = {
			isa = PBXFrameworksBuildPhase;
			buildActionMask = 2147483647;
			files = (
				7C42B4A7085D0D96715AF090 /* libPods-TeethHelper.a in Frameworks */,
			);
			runOnlyForDeploymentPostprocessing = 0;
		};
		870A65EA1B77227100A51B26 /* Frameworks */ = {
			isa = PBXFrameworksBuildPhase;
			buildActionMask = 2147483647;
			files = (
			);
			runOnlyForDeploymentPostprocessing = 0;
		};
/* End PBXFrameworksBuildPhase section */

/* Begin PBXGroup section */
		1D1C4AF922FF62D94542F7C7 /* Frameworks */ = {
			isa = PBXGroup;
			children = (
				56779700444A6622AC945D58 /* libPods-TeethHelper.a */,
			);
			name = Frameworks;
			sourceTree = "<group>";
		};
		870A65CB1B77227100A51B26 = {
			isa = PBXGroup;
			children = (
				870A65D61B77227100A51B26 /* TeethHelper */,
				870A65F01B77227100A51B26 /* TeethHelperTests */,
				870A65D51B77227100A51B26 /* Products */,
				92FECA73543D42FCD690DBEE /* Pods */,
				1D1C4AF922FF62D94542F7C7 /* Frameworks */,
			);
			sourceTree = "<group>";
		};
		870A65D51B77227100A51B26 /* Products */ = {
			isa = PBXGroup;
			children = (
				870A65D41B77227100A51B26 /* TeethHelper.app */,
				870A65ED1B77227100A51B26 /* TeethHelperTests.xctest */,
			);
			name = Products;
			sourceTree = "<group>";
		};
		870A65D61B77227100A51B26 /* TeethHelper */ = {
			isa = PBXGroup;
			children = (
				870A65DB1B77227100A51B26 /* AppDelegate.h */,
				870A65DC1B77227100A51B26 /* AppDelegate.m */,
				870A660C1B772FDA00A51B26 /* Utils */,
				870A66081B77248D00A51B26 /* Main */,
				870A65FD1B77227F00A51B26 /* Login */,
				870A65E41B77227100A51B26 /* Images.xcassets */,
				870A65E61B77227100A51B26 /* LaunchScreen.xib */,
				870A65D71B77227100A51B26 /* Supporting Files */,
			);
			path = TeethHelper;
			sourceTree = "<group>";
		};
		870A65D71B77227100A51B26 /* Supporting Files */ = {
			isa = PBXGroup;
			children = (
				870A65DE1B77227100A51B26 /* ViewController.h */,
				870A65DF1B77227100A51B26 /* ViewController.m */,
				870A65D81B77227100A51B26 /* Info.plist */,
				870A65D91B77227100A51B26 /* main.m */,
			);
			name = "Supporting Files";
			sourceTree = "<group>";
		};
		870A65F01B77227100A51B26 /* TeethHelperTests */ = {
			isa = PBXGroup;
			children = (
				870A65F31B77227100A51B26 /* TeethHelperTests.m */,
				870A65F11B77227100A51B26 /* Supporting Files */,
			);
			path = TeethHelperTests;
			sourceTree = "<group>";
		};
		870A65F11B77227100A51B26 /* Supporting Files */ = {
			isa = PBXGroup;
			children = (
				870A65F21B77227100A51B26 /* Info.plist */,
			);
			name = "Supporting Files";
			sourceTree = "<group>";
		};
		870A65FD1B77227F00A51B26 /* Login */ = {
			isa = PBXGroup;
			children = (
				8785F8EA1B7C456F0051B29B /* InitialQuestions */,
				870A66061B7722D600A51B26 /* Login.storyboard */,
				870A65FE1B7722A500A51B26 /* LoginNavigationController.h */,
				870A65FF1B7722A500A51B26 /* LoginNavigationController.m */,
				870A66011B7722B500A51B26 /* LoginViewController.h */,
				870A66021B7722B500A51B26 /* LoginViewController.m */,
				877B4E3A1B7CD95D00E6720D /* SplashViewController.h */,
				877B4E3B1B7CD95D00E6720D /* SplashViewController.m */,
				877B4E3C1B7CD95D00E6720D /* SplashViewController.xib */,
				873B75AF1B773984002D7871 /* RegisterViewController.h */,
				873B75B01B773984002D7871 /* RegisterViewController.m */,
				873B75B21B7739B8002D7871 /* ForgetPasswordViewController.h */,
				873B75B31B7739B8002D7871 /* ForgetPasswordViewController.m */,
				87D533F31B7A1F9400F3D6BE /* ModifyViewController.h */,
				87D533F41B7A1F9400F3D6BE /* ModifyViewController.m */,
			);
			name = Login;
			sourceTree = "<group>";
		};
		870A66081B77248D00A51B26 /* Main */ = {
			isa = PBXGroup;
			children = (
				870A65E11B77227100A51B26 /* Main.storyboard */,
				870A66091B7724B400A51B26 /* MainTabBarController.h */,
				870A660A1B7724B400A51B26 /* MainTabBarController.m */,
				873B75BB1B773FF4002D7871 /* FourthTab */,
				873B75BA1B773FEE002D7871 /* ThirdTab */,
				873B75B91B773FE4002D7871 /* SecondTab */,
				873B75B81B773F7D002D7871 /* FirstTab */,
			);
			name = Main;
			sourceTree = "<group>";
		};
		870A660C1B772FDA00A51B26 /* Utils */ = {
			isa = PBXGroup;
			children = (
				870A66101B7730BE00A51B26 /* HexToRGB */,
				870A660D1B772FEB00A51B26 /* Utils.h */,
				870A660E1B772FEB00A51B26 /* Utils.m */,
				870A66141B77321900A51B26 /* AccountManager.h */,
				870A66151B77321900A51B26 /* AccountManager.m */,
				873B75B51B773E42002D7871 /* NetworkManager.h */,
				873B75B61B773E42002D7871 /* NetworkManager.m */,
			);
			name = Utils;
			sourceTree = "<group>";
		};
		870A66101B7730BE00A51B26 /* HexToRGB */ = {
			isa = PBXGroup;
			children = (
				870A66111B7730CD00A51B26 /* UIColor+HexRGB.h */,
				870A66121B7730CD00A51B26 /* UIColor+HexRGB.m */,
			);
			name = HexToRGB;
			sourceTree = "<group>";
		};
		873B75B81B773F7D002D7871 /* FirstTab */ = {
			isa = PBXGroup;
			children = (
				8785F8AA1B7C0D4D0051B29B /* MeiBaiProject */,
				878108C31B7B907A000A735F /* AlienView.h */,
				878108C41B7B907A000A735F /* AlienView.m */,
				878108C61B7B934A000A735F /* ALienGrayView.h */,
				878108C71B7B934A000A735F /* ALienGrayView.m */,
				873B75BC1B77400D002D7871 /* MeiBaiViewController.h */,
				873B75BD1B77400D002D7871 /* MeiBaiViewController.m */,
				873B75CE1B774315002D7871 /* Product */,
			);
			name = FirstTab;
			sourceTree = "<group>";
		};
		873B75B91B773FE4002D7871 /* SecondTab */ = {
			isa = PBXGroup;
			children = (
				873B75BF1B774020002D7871 /* CeBaiViewController.h */,
				873B75C01B774020002D7871 /* CeBaiViewController.m */,
			);
			name = SecondTab;
			sourceTree = "<group>";
		};
		873B75BA1B773FEE002D7871 /* ThirdTab */ = {
			isa = PBXGroup;
			children = (
				873B75C21B774029002D7871 /* SocialViewController.h */,
				873B75C31B774029002D7871 /* SocialViewController.m */,
				87BE0D361B82CCAC001E0D30 /* SocialNoImageCell.h */,
				87BE0D371B82CCAC001E0D30 /* SocialNoImageCell.m */,
				87BE0D391B82CCBD001E0D30 /* SocialImageCell.h */,
				87BE0D3A1B82CCBD001E0D30 /* SocialImageCell.m */,
			);
			name = ThirdTab;
			sourceTree = "<group>";
		};
		873B75BB1B773FF4002D7871 /* FourthTab */ = {
			isa = PBXGroup;
			children = (
				87E2AB321B775637001ED07F /* MessageNotification */,
				87E2AB311B775628001ED07F /* Teethstate */,
				87E2AB301B77561A001ED07F /* MeiBaiProject */,
				87E2AB2F1B77560A001ED07F /* CebaiHistory */,
				87E2AB2E1B7755FA001ED07F /* UseHistory */,
				87E2AB2D1B7755F2001ED07F /* personalInfo */,
				873B75C81B77407A002D7871 /* PersonalViewController.h */,
				873B75C91B77407A002D7871 /* PersonalViewController.m */,
				873B75DD1B775155002D7871 /* PersonalTableViewCell.h */,
				873B75DE1B775155002D7871 /* PersonalTableViewCell.m */,
				87E2AB451B77585B001ED07F /* Setting.storyboard */,
			);
			name = FourthTab;
			sourceTree = "<group>";
		};
		873B75CE1B774315002D7871 /* Product */ = {
			isa = PBXGroup;
			children = (
				87E2AB551B787F7B001ED07F /* Notice */,
				87E2AB541B787F6E001ED07F /* NewGuide */,
				87E2AB521B787F3C001ED07F /* ProductDetail */,
				87E2AB531B787F4F001ED07F /* ProductCompostion */,
				873B75CB1B7742EF002D7871 /* ProductIntroduceViewController.h */,
				873B75CC1B7742EF002D7871 /* ProductIntroduceViewController.m */,
				873B75CF1B774338002D7871 /* Product.storyboard */,
			);
			name = Product;
			sourceTree = "<group>";
		};
		8742497A1B78E70800F6DB69 /* PhoneInfo */ = {
			isa = PBXGroup;
			children = (
				8742497B1B78E72500F6DB69 /* PhoneInfoViewController.h */,
				8742497C1B78E72500F6DB69 /* PhoneInfoViewController.m */,
			);
			name = PhoneInfo;
			sourceTree = "<group>";
		};
		8742497E1B78E72A00F6DB69 /* Address */ = {
			isa = PBXGroup;
			children = (
				8742497F1B78E73500F6DB69 /* AddressViewController.h */,
				874249801B78E73500F6DB69 /* AddressViewController.m */,
			);
			name = Address;
			sourceTree = "<group>";
		};
		874249821B78E73C00F6DB69 /* Name */ = {
			isa = PBXGroup;
			children = (
				874249831B78E74400F6DB69 /* NameInfoViewController.h */,
				874249841B78E74400F6DB69 /* NameInfoViewController.m */,
			);
			name = Name;
			sourceTree = "<group>";
		};
		874249891B798CA300F6DB69 /* StateDetail */ = {
			isa = PBXGroup;
			children = (
				8742498A1B798CE600F6DB69 /* TeethDetailOneController.h */,
				8742498B1B798CE600F6DB69 /* TeethDetailOneController.m */,
				8742498D1B798CF700F6DB69 /* TeethDetailTwoController.h */,
				8742498E1B798CF700F6DB69 /* TeethDetailTwoController.m */,
				874249901B798D0600F6DB69 /* TeethDetailThreeController.h */,
				874249911B798D0600F6DB69 /* TeethDetailThreeController.m */,
				874249931B798EF100F6DB69 /* TeethChooseView.h */,
				874249941B798EF100F6DB69 /* TeethChooseView.m */,
			);
			name = StateDetail;
			sourceTree = "<group>";
		};
		8785F8AA1B7C0D4D0051B29B /* MeiBaiProject */ = {
			isa = PBXGroup;
			children = (
				8785F8AE1B7C1DD20051B29B /* MeibaiProjectController.h */,
				8785F8AF1B7C1DD20051B29B /* MeibaiProjectController.m */,
				8785F8B01B7C1DD20051B29B /* MeibaiProjectController.xib */,
				8785F8B31B7C26F20051B29B /* AlienTimerView.h */,
				8785F8B41B7C26F20051B29B /* AlienTimerView.m */,
				87465BB91B818FA800EA40C7 /* ProjectCompletedQuesitonController.h */,
				87465BBA1B818FA800EA40C7 /* ProjectCompletedQuesitonController.m */,
				87465BBB1B818FA800EA40C7 /* ProjectCompletedQuesitonController.xib */,
			);
			name = MeiBaiProject;
			sourceTree = "<group>";
		};
		8785F8EA1B7C456F0051B29B /* InitialQuestions */ = {
			isa = PBXGroup;
			children = (
				87DABF4C1B7D7F610051DE31 /* QuestionAnswers */,
				8785F9081B7C7D210051B29B /* RS_SliderView.h */,
				8785F9091B7C7D210051B29B /* RS_SliderView.m */,
				8785F9051B7C6D250051B29B /* QuestionOneView.h */,
				8785F9061B7C6D250051B29B /* QuestionOneView.m */,
				8785F8EE1B7C46840051B29B /* Questions.storyboard */,
				8785F8F01B7C46B20051B29B /* InitialNavigationController.h */,
				8785F8F11B7C46B20051B29B /* InitialNavigationController.m */,
				8785F8F31B7C49560051B29B /* QuestionOneViewController.h */,
				8785F8F41B7C49560051B29B /* QuestionOneViewController.m */,
				8785F8F61B7C495F0051B29B /* QuestionTwoViewController.h */,
				8785F8F71B7C495F0051B29B /* QuestionTwoViewController.m */,
				8785F8F91B7C49690051B29B /* QuestionThreeViewController.h */,
				8785F8FA1B7C49690051B29B /* QuestionThreeViewController.m */,
				8785F8FC1B7C49720051B29B /* QuestionFourViewController.h */,
				8785F8FD1B7C49720051B29B /* QuestionFourViewController.m */,
				8785F8FF1B7C497A0051B29B /* QuestionFiveViewController.h */,
				8785F9001B7C497A0051B29B /* QuestionFiveViewController.m */,
				8785F9021B7C64CB0051B29B /* QuestionsConfigFile.h */,
				8785F9031B7C64CB0051B29B /* QuestionsConfigFile.m */,
			);
			name = InitialQuestions;
			sourceTree = "<group>";
		};
		87DABF4C1B7D7F610051DE31 /* QuestionAnswers */ = {
			isa = PBXGroup;
			children = (
				87DABF4D1B7D801A0051DE31 /* QuestionAnalysizeController.h */,
				87DABF4E1B7D801A0051DE31 /* QuestionAnalysizeController.m */,
				87DABF4F1B7D801A0051DE31 /* QuestionAnalysizeController.xib */,
				87D00AD51B7DCE3700C21378 /* QuestionNoProjectController.h */,
				87D00AD61B7DCE3700C21378 /* QuestionNoProjectController.m */,
				87D00AD71B7DCE3700C21378 /* QuestionNoProjectController.xib */,
			);
			name = QuestionAnswers;
			sourceTree = "<group>";
		};
		87E2AB2D1B7755F2001ED07F /* personalInfo */ = {
			isa = PBXGroup;
			children = (
				874249821B78E73C00F6DB69 /* Name */,
				8742497E1B78E72A00F6DB69 /* Address */,
				8742497A1B78E70800F6DB69 /* PhoneInfo */,
				87E2AB6E1B78B8FF001ED07F /* gender */,
				87E2AB6A1B78B8DB001ED07F /* BirthDay */,
				87E2AB661B78B8BF001ED07F /* Avator */,
				87E2AB421B7757C6001ED07F /* PersonalInfoViewController.h */,
				87E2AB431B7757C6001ED07F /* PersonalInfoViewController.m */,
				87E2AB601B78AFA3001ED07F /* AvatarCell.h */,
				87E2AB611B78AFA3001ED07F /* AvatarCell.m */,
				87E2AB631B78AFB9001ED07F /* InfoCell.h */,
				87E2AB641B78AFB9001ED07F /* InfoCell.m */,
			);
			name = personalInfo;
			sourceTree = "<group>";
		};
		87E2AB2E1B7755FA001ED07F /* UseHistory */ = {
			isa = PBXGroup;
			children = (
				87E2AB3F1B7757BA001ED07F /* UseHistoryViewController.h */,
				87E2AB401B7757BA001ED07F /* UseHistoryViewController.m */,
			);
			name = UseHistory;
			sourceTree = "<group>";
		};
		87E2AB2F1B77560A001ED07F /* CebaiHistory */ = {
			isa = PBXGroup;
			children = (
				87E2AB3C1B7757B0001ED07F /* CeBaiHistoryViewController.h */,
				87E2AB3D1B7757B0001ED07F /* CeBaiHistoryViewController.m */,
				87E2AB471B7796D8001ED07F /* CeBaiHistoryCell.h */,
				87E2AB481B7796D8001ED07F /* CeBaiHistoryCell.m */,
			);
			name = CebaiHistory;
			sourceTree = "<group>";
		};
		87E2AB301B77561A001ED07F /* MeiBaiProject */ = {
			isa = PBXGroup;
			children = (
				87E2AB391B7757A2001ED07F /* MeiBaiProjectViewController.h */,
				87E2AB3A1B7757A2001ED07F /* MeiBaiProjectViewController.m */,
				87D533FC1B7ADF5600F3D6BE /* MeiBaiOneCell.h */,
				87D533FD1B7ADF5600F3D6BE /* MeiBaiOneCell.m */,
				87D533FF1B7ADF6300F3D6BE /* MeiBaiTwoCell.h */,
				87D534001B7ADF6300F3D6BE /* MeiBaiTwoCell.m */,
				8745C8D51B807EA400272FB4 /* MeiBaiThreeCell.h */,
				8745C8D61B807EA400272FB4 /* MeiBaiThreeCell.m */,
				87D533F91B7ADF3E00F3D6BE /* MeiBaiConfigFile.h */,
				87D533FA1B7ADF3E00F3D6BE /* MeiBaiConfigFile.m */,
				87465BB61B808A8400EA40C7 /* MeibaiItemChooseController.h */,
				87465BB71B808A8400EA40C7 /* MeibaiItemChooseController.m */,
			);
			name = MeiBaiProject;
			sourceTree = "<group>";
		};
		87E2AB311B775628001ED07F /* Teethstate */ = {
			isa = PBXGroup;
			children = (
				874249891B798CA300F6DB69 /* StateDetail */,
				87E2AB361B775796001ED07F /* TeethStateViewController.h */,
				87E2AB371B775796001ED07F /* TeethStateViewController.m */,
				874249861B7989C600F6DB69 /* TeethStateCell.h */,
				874249871B7989C600F6DB69 /* TeethStateCell.m */,
				87D533F61B7ACF7E00F3D6BE /* TeethStateConfigureFile.h */,
				87D533F71B7ACF7E00F3D6BE /* TeethStateConfigureFile.m */,
			);
			name = Teethstate;
			sourceTree = "<group>";
		};
		87E2AB321B775637001ED07F /* MessageNotification */ = {
			isa = PBXGroup;
			children = (
				87E2AB331B77578A001ED07F /* MessageNotificationController.h */,
				87E2AB341B77578A001ED07F /* MessageNotificationController.m */,
				87D533E71B79CA5F00F3D6BE /* MessageOneCell.h */,
				87D533E81B79CA5F00F3D6BE /* MessageOneCell.m */,
				87D533EA1B79CA6C00F3D6BE /* MessageTwoCell.h */,
				87D533EB1B79CA6C00F3D6BE /* MessageTwoCell.m */,
				87D533ED1B79D52C00F3D6BE /* MessageConfigureFile.h */,
				87D533EE1B79D52C00F3D6BE /* MessageConfigureFile.m */,
				87D533F01B79EC9F00F3D6BE /* MessageTimeChooseController.h */,
				87D533F11B79EC9F00F3D6BE /* MessageTimeChooseController.m */,
			);
			name = MessageNotification;
			sourceTree = "<group>";
		};
		87E2AB521B787F3C001ED07F /* ProductDetail */ = {
			isa = PBXGroup;
			children = (
				873B75D11B774C8A002D7871 /* ProductDetailViewController.h */,
				873B75D21B774C8A002D7871 /* ProductDetailViewController.m */,
			);
			name = ProductDetail;
			sourceTree = "<group>";
		};
		87E2AB531B787F4F001ED07F /* ProductCompostion */ = {
			isa = PBXGroup;
			children = (
				87E2AB5F1B788548001ED07F /* Animator */,
				87E2AB561B787FB9001ED07F /* CompositionDetailViewController.h */,
				87E2AB571B787FB9001ED07F /* CompositionDetailViewController.m */,
				873B75D41B774CB5002D7871 /* ProductCompositionViewController.h */,
				873B75D51B774CB5002D7871 /* ProductCompositionViewController.m */,
				87E2AB4F1B78786C001ED07F /* CompositionCell.h */,
				87E2AB501B78786C001ED07F /* CompositionCell.m */,
			);
			name = ProductCompostion;
			sourceTree = "<group>";
		};
		87E2AB541B787F6E001ED07F /* NewGuide */ = {
			isa = PBXGroup;
			children = (
				873B75D71B774CC9002D7871 /* NewGuideViewController.h */,
				873B75D81B774CC9002D7871 /* NewGuideViewController.m */,
			);
			name = NewGuide;
			sourceTree = "<group>";
		};
		87E2AB551B787F7B001ED07F /* Notice */ = {
			isa = PBXGroup;
			children = (
				873B75DA1B774CEA002D7871 /* NoticeViewController.h */,
				873B75DB1B774CEA002D7871 /* NoticeViewController.m */,
				87E2AB4C1B7856B7001ED07F /* NoticeTableViewCell.h */,
				87E2AB4D1B7856B7001ED07F /* NoticeTableViewCell.m */,
			);
			name = Notice;
			sourceTree = "<group>";
		};
		87E2AB5F1B788548001ED07F /* Animator */ = {
			isa = PBXGroup;
			children = (
				87E2AB591B7884CF001ED07F /* QRCodeAnimator.h */,
				87E2AB5A1B7884CF001ED07F /* QRCodeAnimator.m */,
				87E2AB5B1B7884CF001ED07F /* QRCodeDismissAnimator.h */,
				87E2AB5C1B7884CF001ED07F /* QRCodeDismissAnimator.m */,
			);
			name = Animator;
			sourceTree = "<group>";
		};
		87E2AB661B78B8BF001ED07F /* Avator */ = {
			isa = PBXGroup;
			children = (
				87E2AB671B78B8D5001ED07F /* AvatarViewController.h */,
				87E2AB681B78B8D5001ED07F /* AvatarViewController.m */,
			);
			name = Avator;
			sourceTree = "<group>";
		};
		87E2AB6A1B78B8DB001ED07F /* BirthDay */ = {
			isa = PBXGroup;
			children = (
				87E2AB6B1B78B8E9001ED07F /* BirthDayViewController.h */,
				87E2AB6C1B78B8E9001ED07F /* BirthDayViewController.m */,
			);
			name = BirthDay;
			sourceTree = "<group>";
		};
		87E2AB6E1B78B8FF001ED07F /* gender */ = {
			isa = PBXGroup;
			children = (
				87E2AB6F1B78B91A001ED07F /* GenderViewController.h */,
				87E2AB701B78B91A001ED07F /* GenderViewController.m */,
			);
			name = gender;
			sourceTree = "<group>";
		};
		92FECA73543D42FCD690DBEE /* Pods */ = {
			isa = PBXGroup;
			children = (
				4615863A8894CAC0E83A0F95 /* Pods-TeethHelper.debug.xcconfig */,
				1008C8556ADB9E5C2501287F /* Pods-TeethHelper.release.xcconfig */,
			);
			name = Pods;
			sourceTree = "<group>";
		};
/* End PBXGroup section */

/* Begin PBXNativeTarget section */
		870A65D31B77227100A51B26 /* TeethHelper */ = {
			isa = PBXNativeTarget;
			buildConfigurationList = 870A65F71B77227100A51B26 /* Build configuration list for PBXNativeTarget "TeethHelper" */;
			buildPhases = (
				DEF27FD28FDFC45EF3B6138A /* Check Pods Manifest.lock */,
				870A65D01B77227100A51B26 /* Sources */,
				870A65D11B77227100A51B26 /* Frameworks */,
				870A65D21B77227100A51B26 /* Resources */,
				EA9755B5E3CB0FA7C4C8DCF8 /* Copy Pods Resources */,
			);
			buildRules = (
			);
			dependencies = (
			);
			name = TeethHelper;
			productName = TeethHelper;
			productReference = 870A65D41B77227100A51B26 /* TeethHelper.app */;
			productType = "com.apple.product-type.application";
		};
		870A65EC1B77227100A51B26 /* TeethHelperTests */ = {
			isa = PBXNativeTarget;
			buildConfigurationList = 870A65FA1B77227100A51B26 /* Build configuration list for PBXNativeTarget "TeethHelperTests" */;
			buildPhases = (
				870A65E91B77227100A51B26 /* Sources */,
				870A65EA1B77227100A51B26 /* Frameworks */,
				870A65EB1B77227100A51B26 /* Resources */,
			);
			buildRules = (
			);
			dependencies = (
				870A65EF1B77227100A51B26 /* PBXTargetDependency */,
			);
			name = TeethHelperTests;
			productName = TeethHelperTests;
			productReference = 870A65ED1B77227100A51B26 /* TeethHelperTests.xctest */;
			productType = "com.apple.product-type.bundle.unit-test";
		};
/* End PBXNativeTarget section */

/* Begin PBXProject section */
		870A65CC1B77227100A51B26 /* Project object */ = {
			isa = PBXProject;
			attributes = {
				LastUpgradeCheck = 0640;
				ORGANIZATIONNAME = MarcoLi;
				TargetAttributes = {
					870A65D31B77227100A51B26 = {
						CreatedOnToolsVersion = 6.4;
					};
					870A65EC1B77227100A51B26 = {
						CreatedOnToolsVersion = 6.4;
						TestTargetID = 870A65D31B77227100A51B26;
					};
				};
			};
			buildConfigurationList = 870A65CF1B77227100A51B26 /* Build configuration list for PBXProject "TeethHelper" */;
			compatibilityVersion = "Xcode 3.2";
			developmentRegion = English;
			hasScannedForEncodings = 0;
			knownRegions = (
				en,
				Base,
			);
			mainGroup = 870A65CB1B77227100A51B26;
			productRefGroup = 870A65D51B77227100A51B26 /* Products */;
			projectDirPath = "";
			projectRoot = "";
			targets = (
				870A65D31B77227100A51B26 /* TeethHelper */,
				870A65EC1B77227100A51B26 /* TeethHelperTests */,
			);
		};
/* End PBXProject section */

/* Begin PBXResourcesBuildPhase section */
		870A65D21B77227100A51B26 /* Resources */ = {
			isa = PBXResourcesBuildPhase;
			buildActionMask = 2147483647;
			files = (
				8785F8B21B7C1DD20051B29B /* MeibaiProjectController.xib in Resources */,
				877B4E3E1B7CD95D00E6720D /* SplashViewController.xib in Resources */,
				870A66071B7722D600A51B26 /* Login.storyboard in Resources */,
				87465BBD1B818FA800EA40C7 /* ProjectCompletedQuesitonController.xib in Resources */,
				873B75D01B774338002D7871 /* Product.storyboard in Resources */,
				870A65E31B77227100A51B26 /* Main.storyboard in Resources */,
				870A65E81B77227100A51B26 /* LaunchScreen.xib in Resources */,
				87DABF511B7D801A0051DE31 /* QuestionAnalysizeController.xib in Resources */,
				870A65E51B77227100A51B26 /* Images.xcassets in Resources */,
				87D00AD91B7DCE3700C21378 /* QuestionNoProjectController.xib in Resources */,
				8785F8EF1B7C46840051B29B /* Questions.storyboard in Resources */,
				87E2AB461B77585B001ED07F /* Setting.storyboard in Resources */,
			);
			runOnlyForDeploymentPostprocessing = 0;
		};
		870A65EB1B77227100A51B26 /* Resources */ = {
			isa = PBXResourcesBuildPhase;
			buildActionMask = 2147483647;
			files = (
			);
			runOnlyForDeploymentPostprocessing = 0;
		};
/* End PBXResourcesBuildPhase section */

/* Begin PBXShellScriptBuildPhase section */
		DEF27FD28FDFC45EF3B6138A /* Check Pods Manifest.lock */ = {
			isa = PBXShellScriptBuildPhase;
			buildActionMask = 2147483647;
			files = (
			);
			inputPaths = (
			);
			name = "Check Pods Manifest.lock";
			outputPaths = (
			);
			runOnlyForDeploymentPostprocessing = 0;
			shellPath = /bin/sh;
			shellScript = "diff \"${PODS_ROOT}/../Podfile.lock\" \"${PODS_ROOT}/Manifest.lock\" > /dev/null\nif [[ $? != 0 ]] ; then\n    cat << EOM\nerror: The sandbox is not in sync with the Podfile.lock. Run 'pod install' or update your CocoaPods installation.\nEOM\n    exit 1\nfi\n";
			showEnvVarsInLog = 0;
		};
		EA9755B5E3CB0FA7C4C8DCF8 /* Copy Pods Resources */ = {
			isa = PBXShellScriptBuildPhase;
			buildActionMask = 2147483647;
			files = (
			);
			inputPaths = (
			);
			name = "Copy Pods Resources";
			outputPaths = (
			);
			runOnlyForDeploymentPostprocessing = 0;
			shellPath = /bin/sh;
			shellScript = "\"${SRCROOT}/Pods/Target Support Files/Pods-TeethHelper/Pods-TeethHelper-resources.sh\"\n";
			showEnvVarsInLog = 0;
		};
/* End PBXShellScriptBuildPhase section */

/* Begin PBXSourcesBuildPhase section */
		870A65D01B77227100A51B26 /* Sources */ = {
			isa = PBXSourcesBuildPhase;
			buildActionMask = 2147483647;
			files = (
				87DABF501B7D801A0051DE31 /* QuestionAnalysizeController.m in Sources */,
				87D533F51B7A1F9400F3D6BE /* ModifyViewController.m in Sources */,
				87E2AB3B1B7757A2001ED07F /* MeiBaiProjectViewController.m in Sources */,
				8742497D1B78E72500F6DB69 /* PhoneInfoViewController.m in Sources */,
				87E2AB6D1B78B8E9001ED07F /* BirthDayViewController.m in Sources */,
				870A65E01B77227100A51B26 /* ViewController.m in Sources */,
				87D533F21B79EC9F00F3D6BE /* MessageTimeChooseController.m in Sources */,
				8742498C1B798CE600F6DB69 /* TeethDetailOneController.m in Sources */,
				87D00AD81B7DCE3700C21378 /* QuestionNoProjectController.m in Sources */,
				8785F8F81B7C495F0051B29B /* QuestionTwoViewController.m in Sources */,
				873B75DF1B775155002D7871 /* PersonalTableViewCell.m in Sources */,
				87E2AB4E1B7856B7001ED07F /* NoticeTableViewCell.m in Sources */,
				878108C81B7B934A000A735F /* ALienGrayView.m in Sources */,
				873B75C11B774020002D7871 /* CeBaiViewController.m in Sources */,
				87E2AB3E1B7757B0001ED07F /* CeBaiHistoryViewController.m in Sources */,
				87E2AB581B787FB9001ED07F /* CompositionDetailViewController.m in Sources */,
				87E2AB351B77578A001ED07F /* MessageNotificationController.m in Sources */,
				877B4E3D1B7CD95D00E6720D /* SplashViewController.m in Sources */,
				87D533EC1B79CA6C00F3D6BE /* MessageTwoCell.m in Sources */,
				87E2AB621B78AFA3001ED07F /* AvatarCell.m in Sources */,
				874249921B798D0600F6DB69 /* TeethDetailThreeController.m in Sources */,
				870A65DD1B77227100A51B26 /* AppDelegate.m in Sources */,
				87E2AB5D1B7884CF001ED07F /* QRCodeAnimator.m in Sources */,
				8785F8FB1B7C49690051B29B /* QuestionThreeViewController.m in Sources */,
				874249881B7989C600F6DB69 /* TeethStateCell.m in Sources */,
				87D533FE1B7ADF5600F3D6BE /* MeiBaiOneCell.m in Sources */,
				873B75D31B774C8A002D7871 /* ProductDetailViewController.m in Sources */,
				8785F8FE1B7C49720051B29B /* QuestionFourViewController.m in Sources */,
				87D533FB1B7ADF3E00F3D6BE /* MeiBaiConfigFile.m in Sources */,
				873B75CD1B7742EF002D7871 /* ProductIntroduceViewController.m in Sources */,
				87E2AB411B7757BA001ED07F /* UseHistoryViewController.m in Sources */,
				87E2AB511B78786C001ED07F /* CompositionCell.m in Sources */,
				8745C8D71B807EA400272FB4 /* MeiBaiThreeCell.m in Sources */,
				8785F8F51B7C49560051B29B /* QuestionOneViewController.m in Sources */,
				87E2AB381B775796001ED07F /* TeethStateViewController.m in Sources */,
				87E2AB711B78B91A001ED07F /* GenderViewController.m in Sources */,
				87D534011B7ADF6300F3D6BE /* MeiBaiTwoCell.m in Sources */,
				870A660B1B7724B400A51B26 /* MainTabBarController.m in Sources */,
				870A66131B7730CD00A51B26 /* UIColor+HexRGB.m in Sources */,
				87465BBC1B818FA800EA40C7 /* ProjectCompletedQuesitonController.m in Sources */,
				874249851B78E74400F6DB69 /* NameInfoViewController.m in Sources */,
				8785F8F21B7C46B20051B29B /* InitialNavigationController.m in Sources */,
				8785F9071B7C6D250051B29B /* QuestionOneView.m in Sources */,
				87D533EF1B79D52C00F3D6BE /* MessageConfigureFile.m in Sources */,
				873B75DC1B774CEA002D7871 /* NoticeViewController.m in Sources */,
				873B75B71B773E42002D7871 /* NetworkManager.m in Sources */,
				873B75D61B774CB5002D7871 /* ProductCompositionViewController.m in Sources */,
				873B75CA1B77407A002D7871 /* PersonalViewController.m in Sources */,
				87E2AB691B78B8D5001ED07F /* AvatarViewController.m in Sources */,
				87E2AB5E1B7884CF001ED07F /* QRCodeDismissAnimator.m in Sources */,
				870A65DA1B77227100A51B26 /* main.m in Sources */,
				87E2AB441B7757C6001ED07F /* PersonalInfoViewController.m in Sources */,
				874249951B798EF100F6DB69 /* TeethChooseView.m in Sources */,
				87D533E91B79CA5F00F3D6BE /* MessageOneCell.m in Sources */,
				873B75BE1B77400D002D7871 /* MeiBaiViewController.m in Sources */,
				8785F9011B7C497A0051B29B /* QuestionFiveViewController.m in Sources */,
				8785F8B51B7C26F20051B29B /* AlienTimerView.m in Sources */,
				874249811B78E73500F6DB69 /* AddressViewController.m in Sources */,
				873B75B11B773984002D7871 /* RegisterViewController.m in Sources */,
				878108C51B7B907A000A735F /* AlienView.m in Sources */,
				87D533F81B7ACF7E00F3D6BE /* TeethStateConfigureFile.m in Sources */,
				870A66001B7722A500A51B26 /* LoginNavigationController.m in Sources */,
				873B75D91B774CC9002D7871 /* NewGuideViewController.m in Sources */,
				87BE0D3B1B82CCBD001E0D30 /* SocialImageCell.m in Sources */,
				87E2AB651B78AFB9001ED07F /* InfoCell.m in Sources */,
				870A660F1B772FEB00A51B26 /* Utils.m in Sources */,
				87BE0D381B82CCAC001E0D30 /* SocialNoImageCell.m in Sources */,
				87465BB81B808A8400EA40C7 /* MeibaiItemChooseController.m in Sources */,
				8742498F1B798CF700F6DB69 /* TeethDetailTwoController.m in Sources */,
				8785F90A1B7C7D210051B29B /* RS_SliderView.m in Sources */,
				870A66031B7722B500A51B26 /* LoginViewController.m in Sources */,
				87E2AB491B7796D8001ED07F /* CeBaiHistoryCell.m in Sources */,
				873B75C41B774029002D7871 /* SocialViewController.m in Sources */,
				8785F9041B7C64CB0051B29B /* QuestionsConfigFile.m in Sources */,
				873B75B41B7739B8002D7871 /* ForgetPasswordViewController.m in Sources */,
				870A66161B77321900A51B26 /* AccountManager.m in Sources */,
				8785F8B11B7C1DD20051B29B /* MeibaiProjectController.m in Sources */,
			);
			runOnlyForDeploymentPostprocessing = 0;
		};
		870A65E91B77227100A51B26 /* Sources */ = {
			isa = PBXSourcesBuildPhase;
			buildActionMask = 2147483647;
			files = (
				870A65F41B77227100A51B26 /* TeethHelperTests.m in Sources */,
			);
			runOnlyForDeploymentPostprocessing = 0;
		};
/* End PBXSourcesBuildPhase section */

/* Begin PBXTargetDependency section */
		870A65EF1B77227100A51B26 /* PBXTargetDependency */ = {
			isa = PBXTargetDependency;
			target = 870A65D31B77227100A51B26 /* TeethHelper */;
			targetProxy = 870A65EE1B77227100A51B26 /* PBXContainerItemProxy */;
		};
/* End PBXTargetDependency section */

/* Begin PBXVariantGroup section */
		870A65E11B77227100A51B26 /* Main.storyboard */ = {
			isa = PBXVariantGroup;
			children = (
				870A65E21B77227100A51B26 /* Base */,
			);
			name = Main.storyboard;
			sourceTree = "<group>";
		};
		870A65E61B77227100A51B26 /* LaunchScreen.xib */ = {
			isa = PBXVariantGroup;
			children = (
				870A65E71B77227100A51B26 /* Base */,
			);
			name = LaunchScreen.xib;
			sourceTree = "<group>";
		};
/* End PBXVariantGroup section */

/* Begin XCBuildConfiguration section */
		870A65F51B77227100A51B26 /* Debug */ = {
			isa = XCBuildConfiguration;
			buildSettings = {
				ALWAYS_SEARCH_USER_PATHS = NO;
				CLANG_CXX_LANGUAGE_STANDARD = "gnu++0x";
				CLANG_CXX_LIBRARY = "libc++";
				CLANG_ENABLE_MODULES = YES;
				CLANG_ENABLE_OBJC_ARC = YES;
				CLANG_WARN_BOOL_CONVERSION = YES;
				CLANG_WARN_CONSTANT_CONVERSION = YES;
				CLANG_WARN_DIRECT_OBJC_ISA_USAGE = YES_ERROR;
				CLANG_WARN_EMPTY_BODY = YES;
				CLANG_WARN_ENUM_CONVERSION = YES;
				CLANG_WARN_INT_CONVERSION = YES;
				CLANG_WARN_OBJC_ROOT_CLASS = YES_ERROR;
				CLANG_WARN_UNREACHABLE_CODE = YES;
				CLANG_WARN__DUPLICATE_METHOD_MATCH = YES;
				"CODE_SIGN_IDENTITY[sdk=iphoneos*]" = "iPhone Developer";
				COPY_PHASE_STRIP = NO;
				DEBUG_INFORMATION_FORMAT = "dwarf-with-dsym";
				ENABLE_STRICT_OBJC_MSGSEND = YES;
				GCC_C_LANGUAGE_STANDARD = gnu99;
				GCC_DYNAMIC_NO_PIC = NO;
				GCC_NO_COMMON_BLOCKS = YES;
				GCC_OPTIMIZATION_LEVEL = 0;
				GCC_PREPROCESSOR_DEFINITIONS = (
					"DEBUG=1",
					"$(inherited)",
				);
				GCC_SYMBOLS_PRIVATE_EXTERN = NO;
				GCC_WARN_64_TO_32_BIT_CONVERSION = YES;
				GCC_WARN_ABOUT_RETURN_TYPE = YES_ERROR;
				GCC_WARN_UNDECLARED_SELECTOR = YES;
				GCC_WARN_UNINITIALIZED_AUTOS = YES_AGGRESSIVE;
				GCC_WARN_UNUSED_FUNCTION = YES;
				GCC_WARN_UNUSED_VARIABLE = YES;
				IPHONEOS_DEPLOYMENT_TARGET = 8.4;
				MTL_ENABLE_DEBUG_INFO = YES;
				ONLY_ACTIVE_ARCH = YES;
				SDKROOT = iphoneos;
			};
			name = Debug;
		};
		870A65F61B77227100A51B26 /* Release */ = {
			isa = XCBuildConfiguration;
			buildSettings = {
				ALWAYS_SEARCH_USER_PATHS = NO;
				CLANG_CXX_LANGUAGE_STANDARD = "gnu++0x";
				CLANG_CXX_LIBRARY = "libc++";
				CLANG_ENABLE_MODULES = YES;
				CLANG_ENABLE_OBJC_ARC = YES;
				CLANG_WARN_BOOL_CONVERSION = YES;
				CLANG_WARN_CONSTANT_CONVERSION = YES;
				CLANG_WARN_DIRECT_OBJC_ISA_USAGE = YES_ERROR;
				CLANG_WARN_EMPTY_BODY = YES;
				CLANG_WARN_ENUM_CONVERSION = YES;
				CLANG_WARN_INT_CONVERSION = YES;
				CLANG_WARN_OBJC_ROOT_CLASS = YES_ERROR;
				CLANG_WARN_UNREACHABLE_CODE = YES;
				CLANG_WARN__DUPLICATE_METHOD_MATCH = YES;
				"CODE_SIGN_IDENTITY[sdk=iphoneos*]" = "iPhone Developer";
				COPY_PHASE_STRIP = NO;
				DEBUG_INFORMATION_FORMAT = "dwarf-with-dsym";
				ENABLE_NS_ASSERTIONS = NO;
				ENABLE_STRICT_OBJC_MSGSEND = YES;
				GCC_C_LANGUAGE_STANDARD = gnu99;
				GCC_NO_COMMON_BLOCKS = YES;
				GCC_WARN_64_TO_32_BIT_CONVERSION = YES;
				GCC_WARN_ABOUT_RETURN_TYPE = YES_ERROR;
				GCC_WARN_UNDECLARED_SELECTOR = YES;
				GCC_WARN_UNINITIALIZED_AUTOS = YES_AGGRESSIVE;
				GCC_WARN_UNUSED_FUNCTION = YES;
				GCC_WARN_UNUSED_VARIABLE = YES;
				IPHONEOS_DEPLOYMENT_TARGET = 8.4;
				MTL_ENABLE_DEBUG_INFO = NO;
				SDKROOT = iphoneos;
				VALIDATE_PRODUCT = YES;
			};
			name = Release;
		};
		870A65F81B77227100A51B26 /* Debug */ = {
			isa = XCBuildConfiguration;
			baseConfigurationReference = 4615863A8894CAC0E83A0F95 /* Pods-TeethHelper.debug.xcconfig */;
			buildSettings = {
				ASSETCATALOG_COMPILER_APPICON_NAME = AppIcon;
				INFOPLIST_FILE = TeethHelper/Info.plist;
				LD_RUNPATH_SEARCH_PATHS = "$(inherited) @executable_path/Frameworks";
				PRODUCT_NAME = "$(TARGET_NAME)";
			};
			name = Debug;
		};
		870A65F91B77227100A51B26 /* Release */ = {
			isa = XCBuildConfiguration;
			baseConfigurationReference = 1008C8556ADB9E5C2501287F /* Pods-TeethHelper.release.xcconfig */;
			buildSettings = {
				ASSETCATALOG_COMPILER_APPICON_NAME = AppIcon;
				INFOPLIST_FILE = TeethHelper/Info.plist;
				LD_RUNPATH_SEARCH_PATHS = "$(inherited) @executable_path/Frameworks";
				PRODUCT_NAME = "$(TARGET_NAME)";
			};
			name = Release;
		};
		870A65FB1B77227100A51B26 /* Debug */ = {
			isa = XCBuildConfiguration;
			buildSettings = {
				BUNDLE_LOADER = "$(TEST_HOST)";
				FRAMEWORK_SEARCH_PATHS = (
					"$(SDKROOT)/Developer/Library/Frameworks",
					"$(inherited)",
				);
				GCC_PREPROCESSOR_DEFINITIONS = (
					"DEBUG=1",
					"$(inherited)",
				);
				INFOPLIST_FILE = TeethHelperTests/Info.plist;
				LD_RUNPATH_SEARCH_PATHS = "$(inherited) @executable_path/Frameworks @loader_path/Frameworks";
				PRODUCT_NAME = "$(TARGET_NAME)";
				TEST_HOST = "$(BUILT_PRODUCTS_DIR)/TeethHelper.app/TeethHelper";
			};
			name = Debug;
		};
		870A65FC1B77227100A51B26 /* Release */ = {
			isa = XCBuildConfiguration;
			buildSettings = {
				BUNDLE_LOADER = "$(TEST_HOST)";
				FRAMEWORK_SEARCH_PATHS = (
					"$(SDKROOT)/Developer/Library/Frameworks",
					"$(inherited)",
				);
				INFOPLIST_FILE = TeethHelperTests/Info.plist;
				LD_RUNPATH_SEARCH_PATHS = "$(inherited) @executable_path/Frameworks @loader_path/Frameworks";
				PRODUCT_NAME = "$(TARGET_NAME)";
				TEST_HOST = "$(BUILT_PRODUCTS_DIR)/TeethHelper.app/TeethHelper";
			};
			name = Release;
		};
/* End XCBuildConfiguration section */

/* Begin XCConfigurationList section */
		870A65CF1B77227100A51B26 /* Build configuration list for PBXProject "TeethHelper" */ = {
			isa = XCConfigurationList;
			buildConfigurations = (
				870A65F51B77227100A51B26 /* Debug */,
				870A65F61B77227100A51B26 /* Release */,
			);
			defaultConfigurationIsVisible = 0;
			defaultConfigurationName = Release;
		};
		870A65F71B77227100A51B26 /* Build configuration list for PBXNativeTarget "TeethHelper" */ = {
			isa = XCConfigurationList;
			buildConfigurations = (
				870A65F81B77227100A51B26 /* Debug */,
				870A65F91B77227100A51B26 /* Release */,
			);
			defaultConfigurationIsVisible = 0;
			defaultConfigurationName = Release;
		};
		870A65FA1B77227100A51B26 /* Build configuration list for PBXNativeTarget "TeethHelperTests" */ = {
			isa = XCConfigurationList;
			buildConfigurations = (
				870A65FB1B77227100A51B26 /* Debug */,
				870A65FC1B77227100A51B26 /* Release */,
			);
			defaultConfigurationIsVisible = 0;
			defaultConfigurationName = Release;
		};
/* End XCConfigurationList section */
	};
	rootObject = 870A65CC1B77227100A51B26 /* Project object */;
}
